// !$*UTF8*$!
{
	archiveVersion = 1;
	classes = {
	};
	objectVersion = 50;
	objects = {

/* Begin PBXBuildFile section */
		26602FF4237EA96E001C9360 /* Main.storyboard in Resources */ = {isa = PBXBuildFile; fileRef = 26602FF2237EA96E001C9360 /* Main.storyboard */; };
		26602FF6237EA96F001C9360 /* Assets.xcassets in Resources */ = {isa = PBXBuildFile; fileRef = 26602FF5237EA96F001C9360 /* Assets.xcassets */; };
		26602FF9237EA96F001C9360 /* LaunchScreen.storyboard in Resources */ = {isa = PBXBuildFile; fileRef = 26602FF7237EA96F001C9360 /* LaunchScreen.storyboard */; };
		26602FFC237EA96F001C9360 /* main.m in Sources */ = {isa = PBXBuildFile; fileRef = 26602FFB237EA96F001C9360 /* main.m */; };
		2660300A237EAA54001C9360 /* ViewController.m in Sources */ = {isa = PBXBuildFile; fileRef = 26603003237EAA54001C9360 /* ViewController.m */; };
		2660300B237EAA54001C9360 /* SceneDelegate.m in Sources */ = {isa = PBXBuildFile; fileRef = 26603007237EAA54001C9360 /* SceneDelegate.m */; };
		2660300C237EAA55001C9360 /* AppDelegate.m in Sources */ = {isa = PBXBuildFile; fileRef = 26603008237EAA54001C9360 /* AppDelegate.m */; };
/* End PBXBuildFile section */

/* Begin PBXFileReference section */
		26602FE6237EA96E001C9360 /* AlbumDemo.app */ = {isa = PBXFileReference; explicitFileType = wrapper.application; includeInIndex = 0; path = AlbumDemo.app; sourceTree = BUILT_PRODUCTS_DIR; };
		26602FF3237EA96E001C9360 /* Base */ = {isa = PBXFileReference; lastKnownFileType = file.storyboard; name = Base; path = Base.lproj/Main.storyboard; sourceTree = "<group>"; };
		26602FF5237EA96F001C9360 /* Assets.xcassets */ = {isa = PBXFileReference; lastKnownFileType = folder.assetcatalog; path = Assets.xcassets; sourceTree = "<group>"; };
		26602FF8237EA96F001C9360 /* Base */ = {isa = PBXFileReference; lastKnownFileType = file.storyboard; name = Base; path = Base.lproj/LaunchScreen.storyboard; sourceTree = "<group>"; };
		26602FFA237EA96F001C9360 /* Info.plist */ = {isa = PBXFileReference; lastKnownFileType = text.plist.xml; path = Info.plist; sourceTree = "<group>"; };
		26602FFB237EA96F001C9360 /* main.m */ = {isa = PBXFileReference; lastKnownFileType = sourcecode.c.objc; path = main.m; sourceTree = "<group>"; };
		26603003237EAA54001C9360 /* ViewController.m */ = {isa = PBXFileReference; fileEncoding = 4; lastKnownFileType = sourcecode.c.objc; path = ViewController.m; sourceTree = "<group>"; };
		26603004237EAA54001C9360 /* ViewController.h */ = {isa = PBXFileReference; fileEncoding = 4; lastKnownFileType = sourcecode.c.h; path = ViewController.h; sourceTree = "<group>"; };
		26603006237EAA54001C9360 /* AppDelegate.h */ = {isa = PBXFileReference; fileEncoding = 4; lastKnownFileType = sourcecode.c.h; path = AppDelegate.h; sourceTree = "<group>"; };
		26603007237EAA54001C9360 /* SceneDelegate.m */ = {isa = PBXFileReference; fileEncoding = 4; lastKnownFileType = sourcecode.c.objc; path = SceneDelegate.m; sourceTree = "<group>"; };
		26603008237EAA54001C9360 /* AppDelegate.m */ = {isa = PBXFileReference; fileEncoding = 4; lastKnownFileType = sourcecode.c.objc; path = AppDelegate.m; sourceTree = "<group>"; };
		26603009237EAA54001C9360 /* SceneDelegate.h */ = {isa = PBXFileReference; fileEncoding = 4; lastKnownFileType = sourcecode.c.h; path = SceneDelegate.h; sourceTree = "<group>"; };
/* End PBXFileReference section */

/* Begin PBXFrameworksBuildPhase section */
		26602FE3237EA96E001C9360 /* Frameworks */ = {
			isa = PBXFrameworksBuildPhase;
			buildActionMask = 2147483647;
			files = (
			);
			runOnlyForDeploymentPostprocessing = 0;
		};
/* End PBXFrameworksBuildPhase section */

/* Begin PBXGroup section */
		26602FDD237EA96E001C9360 = {
			isa = PBXGroup;
			children = (
				26602FE8237EA96E001C9360 /* AlbumDemo */,
				26602FE7237EA96E001C9360 /* Products */,
			);
			sourceTree = "<group>";
		};
		26602FE7237EA96E001C9360 /* Products */ = {
			isa = PBXGroup;
			children = (
				26602FE6237EA96E001C9360 /* AlbumDemo.app */,
			);
			name = Products;
			sourceTree = "<group>";
		};
		26602FE8237EA96E001C9360 /* AlbumDemo */ = {
			isa = PBXGroup;
			children = (
				26603005237EAA54001C9360 /* Mian */,
				26603002237EAA54001C9360 /* Func */,
				26602FF2237EA96E001C9360 /* Main.storyboard */,
				26602FF5237EA96F001C9360 /* Assets.xcassets */,
				26602FF7237EA96F001C9360 /* LaunchScreen.storyboard */,
				26602FFA237EA96F001C9360 /* Info.plist */,
				26602FFB237EA96F001C9360 /* main.m */,
			);
			path = AlbumDemo;
			sourceTree = "<group>";
		};
		26603002237EAA54001C9360 /* Func */ = {
			isa = PBXGroup;
			children = (
				26603004237EAA54001C9360 /* ViewController.h */,
				26603003237EAA54001C9360 /* ViewController.m */,
			);
			path = Func;
			sourceTree = "<group>";
		};
		26603005237EAA54001C9360 /* Mian */ = {
			isa = PBXGroup;
			children = (
				26603006237EAA54001C9360 /* AppDelegate.h */,
				26603008237EAA54001C9360 /* AppDelegate.m */,
				26603009237EAA54001C9360 /* SceneDelegate.h */,
				26603007237EAA54001C9360 /* SceneDelegate.m */,
			);
			path = Mian;
			sourceTree = "<group>";
		};
/* End PBXGroup section */

/* Begin PBXNativeTarget section */
		26602FE5237EA96E001C9360 /* AlbumDemo */ = {
			isa = PBXNativeTarget;
			buildConfigurationList = 26602FFF237EA96F001C9360 /* Build configuration list for PBXNativeTarget "AlbumDemo" */;
			buildPhases = (
				26602FE2237EA96E001C9360 /* Sources */,
				26602FE3237EA96E001C9360 /* Frameworks */,
				26602FE4237EA96E001C9360 /* Resources */,
			);
			buildRules = (
			);
			dependencies = (
			);
			name = AlbumDemo;
			productName = AlbumDemo;
			productReference = 26602FE6237EA96E001C9360 /* AlbumDemo.app */;
			productType = "com.apple.product-type.application";
		};
/* End PBXNativeTarget section */

/* Begin PBXProject section */
		26602FDE237EA96E001C9360 /* Project object */ = {
			isa = PBXProject;
			attributes = {
				LastUpgradeCheck = 1100;
				ORGANIZATIONNAME = JiXia;
				TargetAttributes = {
					26602FE5237EA96E001C9360 = {
						CreatedOnToolsVersion = 11.0;
					};
				};
			};
			buildConfigurationList = 26602FE1237EA96E001C9360 /* Build configuration list for PBXProject "AlbumDemo" */;
			compatibilityVersion = "Xcode 9.3";
			developmentRegion = en;
			hasScannedForEncodings = 0;
			knownRegions = (
				en,
				Base,
			);
			mainGroup = 26602FDD237EA96E001C9360;
			productRefGroup = 26602FE7237EA96E001C9360 /* Products */;
			projectDirPath = "";
			projectRoot = "";
			targets = (
				26602FE5237EA96E001C9360 /* AlbumDemo */,
			);
		};
/* End PBXProject section */

/* Begin PBXResourcesBuildPhase section */
		26602FE4237EA96E001C9360 /* Resources */ = {
			isa = PBXResourcesBuildPhase;
			buildActionMask = 2147483647;
			files = (
				26602FF9237EA96F001C9360 /* LaunchScreen.storyboard in Resources */,
				26602FF6237EA96F001C9360 /* Assets.xcassets in Resources */,
				26602FF4237EA96E001C9360 /* Main.storyboard in Resources */,
			);
			runOnlyForDeploymentPostprocessing = 0;
		};
/* End PBXResourcesBuildPhase section */

/* Begin PBXSourcesBuildPhase section */
		26602FE2237EA96E001C9360 /* Sources */ = {
			isa = PBXSourcesBuildPhase;
			buildActionMask = 2147483647;
			files = (
				2660300C237EAA55001C9360 /* AppDelegate.m in Sources */,
				2660300A237EAA54001C9360 /* ViewController.m in Sources */,
				2660300B237EAA54001C9360 /* SceneDelegate.m in Sources */,
				26602FFC237EA96F001C9360 /* main.m in Sources */,
			);
			runOnlyForDeploymentPostprocessing = 0;
		};
/* End PBXSourcesBuildPhase section */

/* Begin PBXVariantGroup section */
		26602FF2237EA96E001C9360 /* Main.storyboard */ = {
			isa = PBXVariantGroup;
			children = (
				26602FF3237EA96E001C9360 /* Base */,
			);
			name = Main.storyboard;
			sourceTree = "<group>";
		};
		26602FF7237EA96F001C9360 /* LaunchScreen.storyboard */ = {
			isa = PBXVariantGroup;
			children = (
				26602FF8237EA96F001C9360 /* Base */,
			);
			name = LaunchScreen.storyboard;
			sourceTree = "<group>";
		};
/* End PBXVariantGroup section */

/* Begin XCBuildConfiguration section */
		26602FFD237EA96F001C9360 /* Debug */ = {
			isa = XCBuildConfiguration;
			buildSettings = {
				ALWAYS_SEARCH_USER_PATHS = NO;
				CLANG_ANALYZER_NONNULL = YES;
				CLANG_ANALYZER_NUMBER_OBJECT_CONVERSION = YES_AGGRESSIVE;
				CLANG_CXX_LANGUAGE_STANDARD = "gnu++14";
				CLANG_CXX_LIBRARY = "libc++";
				CLANG_ENABLE_MODULES = YES;
				CLANG_ENABLE_OBJC_ARC = YES;
				CLANG_ENABLE_OBJC_WEAK = YES;
				CLANG_WARN_BLOCK_CAPTURE_AUTORELEASING = YES;
				CLANG_WARN_BOOL_CONVERSION = YES;
				CLANG_WARN_COMMA = YES;
				CLANG_WARN_CONSTANT_CONVERSION = YES;
				CLANG_WARN_DEPRECATED_OBJC_IMPLEMENTATIONS = YES;
				CLANG_WARN_DIRECT_OBJC_ISA_USAGE = YES_ERROR;
				CLANG_WARN_DOCUMENTATION_COMMENTS = YES;
				CLANG_WARN_EMPTY_BODY = YES;
				CLANG_WARN_ENUM_CONVERSION = YES;
				CLANG_WARN_INFINITE_RECURSION = YES;
				CLANG_WARN_INT_CONVERSION = YES;
				CLANG_WARN_NON_LITERAL_NULL_CONVERSION = YES;
				CLANG_WARN_OBJC_IMPLICIT_RETAIN_SELF = YES;
				CLANG_WARN_OBJC_LITERAL_CONVERSION = YES;
				CLANG_WARN_OBJC_ROOT_CLASS = YES_ERROR;
				CLANG_WARN_RANGE_LOOP_ANALYSIS = YES;
				CLANG_WARN_STRICT_PROTOTYPES = YES;
				CLANG_WARN_SUSPICIOUS_MOVE = YES;
				CLANG_WARN_UNGUARDED_AVAILABILITY = YES_AGGRESSIVE;
				CLANG_WARN_UNREACHABLE_CODE = YES;
				CLANG_WARN__DUPLICATE_METHOD_MATCH = YES;
				COPY_PHASE_STRIP = NO;
				DEBUG_INFORMATION_FORMAT = dwarf;
				ENABLE_STRICT_OBJC_MSGSEND = YES;
				ENABLE_TESTABILITY = YES;
				GCC_C_LANGUAGE_STANDARD = gnu11;
				GCC_DYNAMIC_NO_PIC = NO;
				GCC_NO_COMMON_BLOCKS = YES;
				GCC_OPTIMIZATION_LEVEL = 0;
				GCC_PREPROCESSOR_DEFINITIONS = (
					"DEBUG=1",
					"$(inherited)",
				);
				GCC_WARN_64_TO_32_BIT_CONVERSION = YES;
				GCC_WARN_ABOUT_RETURN_TYPE = YES_ERROR;
				GCC_WARN_UNDECLARED_SELECTOR = YES;
				GCC_WARN_UNINITIALIZED_AUTOS = YES_AGGRESSIVE;
				GCC_WARN_UNUSED_FUNCTION = YES;
				GCC_WARN_UNUSED_VARIABLE = YES;
				IPHONEOS_DEPLOYMENT_TARGET = 13.0;
				MTL_ENABLE_DEBUG_INFO = INCLUDE_SOURCE;
				MTL_FAST_MATH = YES;
				ONLY_ACTIVE_ARCH = YES;
				SDKROOT = iphoneos;
			};
			name = Debug;
		};
		26602FFE237EA96F001C9360 /* Release */ = {
			isa = XCBuildConfiguration;
			buildSettings = {
				ALWAYS_SEARCH_USER_PATHS = NO;
				CLANG_ANALYZER_NONNULL = YES;
				CLANG_ANALYZER_NUMBER_OBJECT_CONVERSION = YES_AGGRESSIVE;
				CLANG_CXX_LANGUAGE_STANDARD = "gnu++14";
				CLANG_CXX_LIBRARY = "libc++";
				CLANG_ENABLE_MODULES = YES;
				CLANG_ENABLE_OBJC_ARC = YES;
				CLANG_ENABLE_OBJC_WEAK = YES;
				CLANG_WARN_BLOCK_CAPTURE_AUTORELEASING = YES;
				CLANG_WARN_BOOL_CONVERSION = YES;
				CLANG_WARN_COMMA = YES;
				CLANG_WARN_CONSTANT_CONVERSION = YES;
				CLANG_WARN_DEPRECATED_OBJC_IMPLEMENTATIONS = YES;
				CLANG_WARN_DIRECT_OBJC_ISA_USAGE = YES_ERROR;
				CLANG_WARN_DOCUMENTATION_COMMENTS = YES;
				CLANG_WARN_EMPTY_BODY = YES;
				CLANG_WARN_ENUM_CONVERSION = YES;
				CLANG_WARN_INFINITE_RECURSION = YES;
				CLANG_WARN_INT_CONVERSION = YES;
				CLANG_WARN_NON_LITERAL_NULL_CONVERSION = YES;
				CLANG_WARN_OBJC_IMPLICIT_RETAIN_SELF = YES;
				CLANG_WARN_OBJC_LITERAL_CONVERSION = YES;
				CLANG_WARN_OBJC_ROOT_CLASS = YES_ERROR;
				CLANG_WARN_RANGE_LOOP_ANALYSIS = YES;
				CLANG_WARN_STRICT_PROTOTYPES = YES;
				CLANG_WARN_SUSPICIOUS_MOVE = YES;
				CLANG_WARN_UNGUARDED_AVAILABILITY = YES_AGGRESSIVE;
				CLANG_WARN_UNREACHABLE_CODE = YES;
				CLANG_WARN__DUPLICATE_METHOD_MATCH = YES;
				COPY_PHASE_STRIP = NO;
				DEBUG_INFORMATION_FORMAT = "dwarf-with-dsym";
				ENABLE_NS_ASSERTIONS = NO;
				ENABLE_STRICT_OBJC_MSGSEND = YES;
				GCC_C_LANGUAGE_STANDARD = gnu11;
				GCC_NO_COMMON_BLOCKS = YES;
				GCC_WARN_64_TO_32_BIT_CONVERSION = YES;
				GCC_WARN_ABOUT_RETURN_TYPE = YES_ERROR;
				GCC_WARN_UNDECLARED_SELECTOR = YES;
				GCC_WARN_UNINITIALIZED_AUTOS = YES_AGGRESSIVE;
				GCC_WARN_UNUSED_FUNCTION = YES;
				GCC_WARN_UNUSED_VARIABLE = YES;
				IPHONEOS_DEPLOYMENT_TARGET = 13.0;
				MTL_ENABLE_DEBUG_INFO = NO;
				MTL_FAST_MATH = YES;
				SDKROOT = iphoneos;
				VALIDATE_PRODUCT = YES;
			};
			name = Release;
		};
		26603000237EA96F001C9360 /* Debug */ = {
			isa = XCBuildConfiguration;
			buildSettings = {
				ASSETCATALOG_COMPILER_APPICON_NAME = AppIcon;
				CODE_SIGN_STYLE = Automatic;
				DEVELOPMENT_TEAM = JA7UMD99EC;
				INFOPLIST_FILE = AlbumDemo/Info.plist;
				IPHONEOS_DEPLOYMENT_TARGET = 9.0;
				LD_RUNPATH_SEARCH_PATHS = (
					"$(inherited)",
					"@executable_path/Frameworks",
				);
				PRODUCT_BUNDLE_IDENTIFIER = com.hinabian.rain;
				PRODUCT_NAME = "$(TARGET_NAME)";
				TARGETED_DEVICE_FAMILY = 1;
			};
			name = Debug;
		};
		26603001237EA96F001C9360 /* Release */ = {
			isa = XCBuildConfiguration;
			buildSettings = {
				ASSETCATALOG_COMPILER_APPICON_NAME = AppIcon;
				CODE_SIGN_STYLE = Automatic;
				DEVELOPMENT_TEAM = JA7UMD99EC;
				INFOPLIST_FILE = AlbumDemo/Info.plist;
				IPHONEOS_DEPLOYMENT_TARGET = 9.0;
				LD_RUNPATH_SEARCH_PATHS = (
					"$(inherited)",
					"@executable_path/Frameworks",
				);
				PRODUCT_BUNDLE_IDENTIFIER = com.hinabian.rain;
				PRODUCT_NAME = "$(TARGET_NAME)";
				TARGETED_DEVICE_FAMILY = 1;
			};
			name = Release;
		};
/* End XCBuildConfiguration section */

/* Begin XCConfigurationList section */
		26602FE1237EA96E001C9360 /* Build configuration list for PBXProject "AlbumDemo" */ = {
			isa = XCConfigurationList;
			buildConfigurations = (
				26602FFD237EA96F001C9360 /* Debug */,
				26602FFE237EA96F001C9360 /* Release */,
			);
			defaultConfigurationIsVisible = 0;
			defaultConfigurationName = Release;
		};
		26602FFF237EA96F001C9360 /* Build configuration list for PBXNativeTarget "AlbumDemo" */ = {
			isa = XCConfigurationList;
			buildConfigurations = (
				26603000237EA96F001C9360 /* Debug */,
				26603001237EA96F001C9360 /* Release */,
			);
			defaultConfigurationIsVisible = 0;
			defaultConfigurationName = Release;
		};
/* End XCConfigurationList section */
	};
	rootObject = 26602FDE237EA96E001C9360 /* Project object */;
}
