// !$*UTF8*$!
{
	archiveVersion = 1;
	classes = {
	};
	objectVersion = 46;
	objects = {

/* Begin PBXBuildFile section */
		2659164C1F02375800BE2AEF /* main.m in Sources */ = {isa = PBXBuildFile; fileRef = 2659164B1F02375800BE2AEF /* main.m */; };
		265916551F02375800BE2AEF /* Main.storyboard in Resources */ = {isa = PBXBuildFile; fileRef = 265916531F02375800BE2AEF /* Main.storyboard */; };
		265916571F02375800BE2AEF /* Assets.xcassets in Resources */ = {isa = PBXBuildFile; fileRef = 265916561F02375800BE2AEF /* Assets.xcassets */; };
		2659165A1F02375800BE2AEF /* LaunchScreen.storyboard in Resources */ = {isa = PBXBuildFile; fileRef = 265916581F02375800BE2AEF /* LaunchScreen.storyboard */; };
		265916671F02545700BE2AEF /* AppDelegate.m in Sources */ = {isa = PBXBuildFile; fileRef = 265916641F02545700BE2AEF /* AppDelegate.m */; };
		265916681F02545700BE2AEF /* ViewController.m in Sources */ = {isa = PBXBuildFile; fileRef = 265916661F02545700BE2AEF /* ViewController.m */; };
		2659166C1F02556100BE2AEF /* YHBaseController.m in Sources */ = {isa = PBXBuildFile; fileRef = 2659166B1F02556100BE2AEF /* YHBaseController.m */; };
		2659166F1F0256F600BE2AEF /* YHBaseTable.m in Sources */ = {isa = PBXBuildFile; fileRef = 2659166E1F0256F600BE2AEF /* YHBaseTable.m */; };
		265916891F02578D00BE2AEF /* EncodeVC.m in Sources */ = {isa = PBXBuildFile; fileRef = 265916721F02578D00BE2AEF /* EncodeVC.m */; };
		2659168A1F02578D00BE2AEF /* PersonInfo.m in Sources */ = {isa = PBXBuildFile; fileRef = 265916741F02578D00BE2AEF /* PersonInfo.m */; };
		2659168B1F02578D00BE2AEF /* DefaultVC.m in Sources */ = {isa = PBXBuildFile; fileRef = 265916771F02578D00BE2AEF /* DefaultVC.m */; };
		2659168C1F02578D00BE2AEF /* FileWRVC.m in Sources */ = {isa = PBXBuildFile; fileRef = 2659167A1F02578D00BE2AEF /* FileWRVC.m */; };
		2659168D1F02578D00BE2AEF /* PlistVC.m in Sources */ = {isa = PBXBuildFile; fileRef = 2659167D1F02578D00BE2AEF /* PlistVC.m */; };
		2659168E1F02578D00BE2AEF /* SQLiteVC.m in Sources */ = {isa = PBXBuildFile; fileRef = 265916811F02578D00BE2AEF /* SQLiteVC.m */; };
		2659168F1F02578D00BE2AEF /* Movie.m in Sources */ = {isa = PBXBuildFile; fileRef = 265916841F02578D00BE2AEF /* Movie.m */; };
		265916901F02578D00BE2AEF /* MovieCell.m in Sources */ = {isa = PBXBuildFile; fileRef = 265916871F02578D00BE2AEF /* MovieCell.m */; };
		265916911F02578D00BE2AEF /* MovieCell.xib in Resources */ = {isa = PBXBuildFile; fileRef = 265916881F02578D00BE2AEF /* MovieCell.xib */; };
		265916941F0257AE00BE2AEF /* DataStoreMainView.m in Sources */ = {isa = PBXBuildFile; fileRef = 265916931F0257AE00BE2AEF /* DataStoreMainView.m */; };
		2659169A1F02585300BE2AEF /* YHDataBaseManager.m in Sources */ = {isa = PBXBuildFile; fileRef = 265916971F02585300BE2AEF /* YHDataBaseManager.m */; };
		2659169B1F02585300BE2AEF /* YHFileOperator.m in Sources */ = {isa = PBXBuildFile; fileRef = 265916991F02585300BE2AEF /* YHFileOperator.m */; };
		265916A91F02597000BE2AEF /* FMDatabase.m in Sources */ = {isa = PBXBuildFile; fileRef = 2659169F1F02597000BE2AEF /* FMDatabase.m */; };
		265916AA1F02597000BE2AEF /* FMDatabaseAdditions.m in Sources */ = {isa = PBXBuildFile; fileRef = 265916A11F02597000BE2AEF /* FMDatabaseAdditions.m */; };
		265916AB1F02597000BE2AEF /* FMDatabasePool.m in Sources */ = {isa = PBXBuildFile; fileRef = 265916A31F02597000BE2AEF /* FMDatabasePool.m */; };
		265916AC1F02597000BE2AEF /* FMDatabaseQueue.m in Sources */ = {isa = PBXBuildFile; fileRef = 265916A51F02597000BE2AEF /* FMDatabaseQueue.m */; };
		265916AD1F02597000BE2AEF /* FMResultSet.m in Sources */ = {isa = PBXBuildFile; fileRef = 265916A81F02597000BE2AEF /* FMResultSet.m */; };
		265916D11F0259A800BE2AEF /* MKAnnotationView+WebCache.m in Sources */ = {isa = PBXBuildFile; fileRef = 265916B01F0259A800BE2AEF /* MKAnnotationView+WebCache.m */; };
		265916D21F0259A800BE2AEF /* NSData+ImageContentType.m in Sources */ = {isa = PBXBuildFile; fileRef = 265916B21F0259A800BE2AEF /* NSData+ImageContentType.m */; };
		265916D31F0259A800BE2AEF /* photo.png in Resources */ = {isa = PBXBuildFile; fileRef = 265916B31F0259A800BE2AEF /* photo.png */; };
		265916D41F0259A800BE2AEF /* SDImageCache.m in Sources */ = {isa = PBXBuildFile; fileRef = 265916B51F0259A800BE2AEF /* SDImageCache.m */; };
		265916D51F0259A800BE2AEF /* SDWebImageCompat.m in Sources */ = {isa = PBXBuildFile; fileRef = 265916B71F0259A800BE2AEF /* SDWebImageCompat.m */; };
		265916D61F0259A800BE2AEF /* SDWebImageDecoder.m in Sources */ = {isa = PBXBuildFile; fileRef = 265916B91F0259A800BE2AEF /* SDWebImageDecoder.m */; };
		265916D71F0259A800BE2AEF /* SDWebImageDownloader.m in Sources */ = {isa = PBXBuildFile; fileRef = 265916BB1F0259A800BE2AEF /* SDWebImageDownloader.m */; };
		265916D81F0259A800BE2AEF /* SDWebImageDownloaderOperation.m in Sources */ = {isa = PBXBuildFile; fileRef = 265916BD1F0259A800BE2AEF /* SDWebImageDownloaderOperation.m */; };
		265916D91F0259A800BE2AEF /* SDWebImageManager.m in Sources */ = {isa = PBXBuildFile; fileRef = 265916BF1F0259A800BE2AEF /* SDWebImageManager.m */; };
		265916DA1F0259A800BE2AEF /* SDWebImagePrefetcher.m in Sources */ = {isa = PBXBuildFile; fileRef = 265916C21F0259A800BE2AEF /* SDWebImagePrefetcher.m */; };
		265916DB1F0259A800BE2AEF /* UIButton+WebCache.m in Sources */ = {isa = PBXBuildFile; fileRef = 265916C41F0259A800BE2AEF /* UIButton+WebCache.m */; };
		265916DC1F0259A800BE2AEF /* UIImage+GIF.m in Sources */ = {isa = PBXBuildFile; fileRef = 265916C61F0259A800BE2AEF /* UIImage+GIF.m */; };
		265916DD1F0259A800BE2AEF /* UIImage+MultiFormat.m in Sources */ = {isa = PBXBuildFile; fileRef = 265916C81F0259A800BE2AEF /* UIImage+MultiFormat.m */; };
		265916DE1F0259A800BE2AEF /* UIImage+WebP.m in Sources */ = {isa = PBXBuildFile; fileRef = 265916CA1F0259A800BE2AEF /* UIImage+WebP.m */; };
		265916DF1F0259A800BE2AEF /* UIImageView+HighlightedWebCache.m in Sources */ = {isa = PBXBuildFile; fileRef = 265916CC1F0259A800BE2AEF /* UIImageView+HighlightedWebCache.m */; };
		265916E01F0259A800BE2AEF /* UIImageView+WebCache.m in Sources */ = {isa = PBXBuildFile; fileRef = 265916CE1F0259A800BE2AEF /* UIImageView+WebCache.m */; };
		265916E11F0259A800BE2AEF /* UIView+WebCacheOperation.m in Sources */ = {isa = PBXBuildFile; fileRef = 265916D01F0259A800BE2AEF /* UIView+WebCacheOperation.m */; };
		265916E41F025A8600BE2AEF /* libsqlite3.tbd in Frameworks */ = {isa = PBXBuildFile; fileRef = 265916E31F025A8600BE2AEF /* libsqlite3.tbd */; };
		265916E81F025EC200BE2AEF /* CoreDataVC.m in Sources */ = {isa = PBXBuildFile; fileRef = 265916E71F025EC200BE2AEF /* CoreDataVC.m */; };
		267E0066210081FC002566DC /* YHBaseModel.m in Sources */ = {isa = PBXBuildFile; fileRef = 267E0065210081FC002566DC /* YHBaseModel.m */; };
		267E00692100887C002566DC /* SQLite 语句.m in Sources */ = {isa = PBXBuildFile; fileRef = 267E00682100887B002566DC /* SQLite 语句.m */; };
		267E006C21018D81002566DC /* JXFMDBMOperator.m in Sources */ = {isa = PBXBuildFile; fileRef = 267E006B21018D81002566DC /* JXFMDBMOperator.m */; };
		26FC0EDD1F18B6DD002CFCC7 /* HNBFileManager.m in Sources */ = {isa = PBXBuildFile; fileRef = 26FC0EDC1F18B6DD002CFCC7 /* HNBFileManager.m */; };
/* End PBXBuildFile section */

/* Begin PBXFileReference section */
		265916471F02375800BE2AEF /* DataStoreDemo.app */ = {isa = PBXFileReference; explicitFileType = wrapper.application; includeInIndex = 0; path = DataStoreDemo.app; sourceTree = BUILT_PRODUCTS_DIR; };
		2659164B1F02375800BE2AEF /* main.m */ = {isa = PBXFileReference; lastKnownFileType = sourcecode.c.objc; path = main.m; sourceTree = "<group>"; };
		265916541F02375800BE2AEF /* Base */ = {isa = PBXFileReference; lastKnownFileType = file.storyboard; name = Base; path = Base.lproj/Main.storyboard; sourceTree = "<group>"; };
		265916561F02375800BE2AEF /* Assets.xcassets */ = {isa = PBXFileReference; lastKnownFileType = folder.assetcatalog; path = Assets.xcassets; sourceTree = "<group>"; };
		265916591F02375800BE2AEF /* Base */ = {isa = PBXFileReference; lastKnownFileType = file.storyboard; name = Base; path = Base.lproj/LaunchScreen.storyboard; sourceTree = "<group>"; };
		2659165B1F02375800BE2AEF /* Info.plist */ = {isa = PBXFileReference; lastKnownFileType = text.plist.xml; path = Info.plist; sourceTree = "<group>"; };
		265916631F02545700BE2AEF /* AppDelegate.h */ = {isa = PBXFileReference; fileEncoding = 4; lastKnownFileType = sourcecode.c.h; path = AppDelegate.h; sourceTree = "<group>"; };
		265916641F02545700BE2AEF /* AppDelegate.m */ = {isa = PBXFileReference; fileEncoding = 4; lastKnownFileType = sourcecode.c.objc; path = AppDelegate.m; sourceTree = "<group>"; };
		265916651F02545700BE2AEF /* ViewController.h */ = {isa = PBXFileReference; fileEncoding = 4; lastKnownFileType = sourcecode.c.h; path = ViewController.h; sourceTree = "<group>"; };
		265916661F02545700BE2AEF /* ViewController.m */ = {isa = PBXFileReference; fileEncoding = 4; lastKnownFileType = sourcecode.c.objc; path = ViewController.m; sourceTree = "<group>"; };
		2659166A1F02556100BE2AEF /* YHBaseController.h */ = {isa = PBXFileReference; fileEncoding = 4; lastKnownFileType = sourcecode.c.h; path = YHBaseController.h; sourceTree = "<group>"; };
		2659166B1F02556100BE2AEF /* YHBaseController.m */ = {isa = PBXFileReference; fileEncoding = 4; lastKnownFileType = sourcecode.c.objc; path = YHBaseController.m; sourceTree = "<group>"; };
		2659166D1F0256F600BE2AEF /* YHBaseTable.h */ = {isa = PBXFileReference; fileEncoding = 4; lastKnownFileType = sourcecode.c.h; path = YHBaseTable.h; sourceTree = "<group>"; };
		2659166E1F0256F600BE2AEF /* YHBaseTable.m */ = {isa = PBXFileReference; fileEncoding = 4; lastKnownFileType = sourcecode.c.objc; path = YHBaseTable.m; sourceTree = "<group>"; };
		265916711F02578D00BE2AEF /* EncodeVC.h */ = {isa = PBXFileReference; fileEncoding = 4; lastKnownFileType = sourcecode.c.h; path = EncodeVC.h; sourceTree = "<group>"; };
		265916721F02578D00BE2AEF /* EncodeVC.m */ = {isa = PBXFileReference; fileEncoding = 4; lastKnownFileType = sourcecode.c.objc; path = EncodeVC.m; sourceTree = "<group>"; };
		265916731F02578D00BE2AEF /* PersonInfo.h */ = {isa = PBXFileReference; fileEncoding = 4; lastKnownFileType = sourcecode.c.h; path = PersonInfo.h; sourceTree = "<group>"; };
		265916741F02578D00BE2AEF /* PersonInfo.m */ = {isa = PBXFileReference; fileEncoding = 4; lastKnownFileType = sourcecode.c.objc; path = PersonInfo.m; sourceTree = "<group>"; };
		265916761F02578D00BE2AEF /* DefaultVC.h */ = {isa = PBXFileReference; fileEncoding = 4; lastKnownFileType = sourcecode.c.h; path = DefaultVC.h; sourceTree = "<group>"; };
		265916771F02578D00BE2AEF /* DefaultVC.m */ = {isa = PBXFileReference; fileEncoding = 4; lastKnownFileType = sourcecode.c.objc; path = DefaultVC.m; sourceTree = "<group>"; };
		265916791F02578D00BE2AEF /* FileWRVC.h */ = {isa = PBXFileReference; fileEncoding = 4; lastKnownFileType = sourcecode.c.h; path = FileWRVC.h; sourceTree = "<group>"; };
		2659167A1F02578D00BE2AEF /* FileWRVC.m */ = {isa = PBXFileReference; fileEncoding = 4; lastKnownFileType = sourcecode.c.objc; path = FileWRVC.m; sourceTree = "<group>"; };
		2659167C1F02578D00BE2AEF /* PlistVC.h */ = {isa = PBXFileReference; fileEncoding = 4; lastKnownFileType = sourcecode.c.h; path = PlistVC.h; sourceTree = "<group>"; };
		2659167D1F02578D00BE2AEF /* PlistVC.m */ = {isa = PBXFileReference; fileEncoding = 4; lastKnownFileType = sourcecode.c.objc; path = PlistVC.m; sourceTree = "<group>"; };
		265916801F02578D00BE2AEF /* SQLiteVC.h */ = {isa = PBXFileReference; fileEncoding = 4; lastKnownFileType = sourcecode.c.h; path = SQLiteVC.h; sourceTree = "<group>"; };
		265916811F02578D00BE2AEF /* SQLiteVC.m */ = {isa = PBXFileReference; fileEncoding = 4; lastKnownFileType = sourcecode.c.objc; path = SQLiteVC.m; sourceTree = "<group>"; };
		265916831F02578D00BE2AEF /* Movie.h */ = {isa = PBXFileReference; fileEncoding = 4; lastKnownFileType = sourcecode.c.h; path = Movie.h; sourceTree = "<group>"; };
		265916841F02578D00BE2AEF /* Movie.m */ = {isa = PBXFileReference; fileEncoding = 4; lastKnownFileType = sourcecode.c.objc; path = Movie.m; sourceTree = "<group>"; };
		265916861F02578D00BE2AEF /* MovieCell.h */ = {isa = PBXFileReference; fileEncoding = 4; lastKnownFileType = sourcecode.c.h; path = MovieCell.h; sourceTree = "<group>"; };
		265916871F02578D00BE2AEF /* MovieCell.m */ = {isa = PBXFileReference; fileEncoding = 4; lastKnownFileType = sourcecode.c.objc; path = MovieCell.m; sourceTree = "<group>"; };
		265916881F02578D00BE2AEF /* MovieCell.xib */ = {isa = PBXFileReference; fileEncoding = 4; lastKnownFileType = file.xib; path = MovieCell.xib; sourceTree = "<group>"; };
		265916921F0257AE00BE2AEF /* DataStoreMainView.h */ = {isa = PBXFileReference; fileEncoding = 4; lastKnownFileType = sourcecode.c.h; path = DataStoreMainView.h; sourceTree = "<group>"; };
		265916931F0257AE00BE2AEF /* DataStoreMainView.m */ = {isa = PBXFileReference; fileEncoding = 4; lastKnownFileType = sourcecode.c.objc; path = DataStoreMainView.m; sourceTree = "<group>"; };
		265916961F02585300BE2AEF /* YHDataBaseManager.h */ = {isa = PBXFileReference; fileEncoding = 4; lastKnownFileType = sourcecode.c.h; path = YHDataBaseManager.h; sourceTree = "<group>"; };
		265916971F02585300BE2AEF /* YHDataBaseManager.m */ = {isa = PBXFileReference; fileEncoding = 4; lastKnownFileType = sourcecode.c.objc; path = YHDataBaseManager.m; sourceTree = "<group>"; };
		265916981F02585300BE2AEF /* YHFileOperator.h */ = {isa = PBXFileReference; fileEncoding = 4; lastKnownFileType = sourcecode.c.h; path = YHFileOperator.h; sourceTree = "<group>"; };
		265916991F02585300BE2AEF /* YHFileOperator.m */ = {isa = PBXFileReference; fileEncoding = 4; lastKnownFileType = sourcecode.c.objc; path = YHFileOperator.m; sourceTree = "<group>"; };
		2659169E1F02597000BE2AEF /* FMDatabase.h */ = {isa = PBXFileReference; fileEncoding = 4; lastKnownFileType = sourcecode.c.h; path = FMDatabase.h; sourceTree = "<group>"; };
		2659169F1F02597000BE2AEF /* FMDatabase.m */ = {isa = PBXFileReference; fileEncoding = 4; lastKnownFileType = sourcecode.c.objc; path = FMDatabase.m; sourceTree = "<group>"; };
		265916A01F02597000BE2AEF /* FMDatabaseAdditions.h */ = {isa = PBXFileReference; fileEncoding = 4; lastKnownFileType = sourcecode.c.h; path = FMDatabaseAdditions.h; sourceTree = "<group>"; };
		265916A11F02597000BE2AEF /* FMDatabaseAdditions.m */ = {isa = PBXFileReference; fileEncoding = 4; lastKnownFileType = sourcecode.c.objc; path = FMDatabaseAdditions.m; sourceTree = "<group>"; };
		265916A21F02597000BE2AEF /* FMDatabasePool.h */ = {isa = PBXFileReference; fileEncoding = 4; lastKnownFileType = sourcecode.c.h; path = FMDatabasePool.h; sourceTree = "<group>"; };
		265916A31F02597000BE2AEF /* FMDatabasePool.m */ = {isa = PBXFileReference; fileEncoding = 4; lastKnownFileType = sourcecode.c.objc; path = FMDatabasePool.m; sourceTree = "<group>"; };
		265916A41F02597000BE2AEF /* FMDatabaseQueue.h */ = {isa = PBXFileReference; fileEncoding = 4; lastKnownFileType = sourcecode.c.h; path = FMDatabaseQueue.h; sourceTree = "<group>"; };
		265916A51F02597000BE2AEF /* FMDatabaseQueue.m */ = {isa = PBXFileReference; fileEncoding = 4; lastKnownFileType = sourcecode.c.objc; path = FMDatabaseQueue.m; sourceTree = "<group>"; };
		265916A61F02597000BE2AEF /* FMDB.h */ = {isa = PBXFileReference; fileEncoding = 4; lastKnownFileType = sourcecode.c.h; path = FMDB.h; sourceTree = "<group>"; };
		265916A71F02597000BE2AEF /* FMResultSet.h */ = {isa = PBXFileReference; fileEncoding = 4; lastKnownFileType = sourcecode.c.h; path = FMResultSet.h; sourceTree = "<group>"; };
		265916A81F02597000BE2AEF /* FMResultSet.m */ = {isa = PBXFileReference; fileEncoding = 4; lastKnownFileType = sourcecode.c.objc; path = FMResultSet.m; sourceTree = "<group>"; };
		265916AF1F0259A800BE2AEF /* MKAnnotationView+WebCache.h */ = {isa = PBXFileReference; fileEncoding = 4; lastKnownFileType = sourcecode.c.h; path = "MKAnnotationView+WebCache.h"; sourceTree = "<group>"; };
		265916B01F0259A800BE2AEF /* MKAnnotationView+WebCache.m */ = {isa = PBXFileReference; fileEncoding = 4; lastKnownFileType = sourcecode.c.objc; path = "MKAnnotationView+WebCache.m"; sourceTree = "<group>"; };
		265916B11F0259A800BE2AEF /* NSData+ImageContentType.h */ = {isa = PBXFileReference; fileEncoding = 4; lastKnownFileType = sourcecode.c.h; path = "NSData+ImageContentType.h"; sourceTree = "<group>"; };
		265916B21F0259A800BE2AEF /* NSData+ImageContentType.m */ = {isa = PBXFileReference; fileEncoding = 4; lastKnownFileType = sourcecode.c.objc; path = "NSData+ImageContentType.m"; sourceTree = "<group>"; };
		265916B31F0259A800BE2AEF /* photo.png */ = {isa = PBXFileReference; lastKnownFileType = image.png; path = photo.png; sourceTree = "<group>"; };
		265916B41F0259A800BE2AEF /* SDImageCache.h */ = {isa = PBXFileReference; fileEncoding = 4; lastKnownFileType = sourcecode.c.h; path = SDImageCache.h; sourceTree = "<group>"; };
		265916B51F0259A800BE2AEF /* SDImageCache.m */ = {isa = PBXFileReference; fileEncoding = 4; lastKnownFileType = sourcecode.c.objc; path = SDImageCache.m; sourceTree = "<group>"; };
		265916B61F0259A800BE2AEF /* SDWebImageCompat.h */ = {isa = PBXFileReference; fileEncoding = 4; lastKnownFileType = sourcecode.c.h; path = SDWebImageCompat.h; sourceTree = "<group>"; };
		265916B71F0259A800BE2AEF /* SDWebImageCompat.m */ = {isa = PBXFileReference; fileEncoding = 4; lastKnownFileType = sourcecode.c.objc; path = SDWebImageCompat.m; sourceTree = "<group>"; };
		265916B81F0259A800BE2AEF /* SDWebImageDecoder.h */ = {isa = PBXFileReference; fileEncoding = 4; lastKnownFileType = sourcecode.c.h; path = SDWebImageDecoder.h; sourceTree = "<group>"; };
		265916B91F0259A800BE2AEF /* SDWebImageDecoder.m */ = {isa = PBXFileReference; fileEncoding = 4; lastKnownFileType = sourcecode.c.objc; path = SDWebImageDecoder.m; sourceTree = "<group>"; };
		265916BA1F0259A800BE2AEF /* SDWebImageDownloader.h */ = {isa = PBXFileReference; fileEncoding = 4; lastKnownFileType = sourcecode.c.h; path = SDWebImageDownloader.h; sourceTree = "<group>"; };
		265916BB1F0259A800BE2AEF /* SDWebImageDownloader.m */ = {isa = PBXFileReference; fileEncoding = 4; lastKnownFileType = sourcecode.c.objc; path = SDWebImageDownloader.m; sourceTree = "<group>"; };
		265916BC1F0259A800BE2AEF /* SDWebImageDownloaderOperation.h */ = {isa = PBXFileReference; fileEncoding = 4; lastKnownFileType = sourcecode.c.h; path = SDWebImageDownloaderOperation.h; sourceTree = "<group>"; };
		265916BD1F0259A800BE2AEF /* SDWebImageDownloaderOperation.m */ = {isa = PBXFileReference; fileEncoding = 4; lastKnownFileType = sourcecode.c.objc; path = SDWebImageDownloaderOperation.m; sourceTree = "<group>"; };
		265916BE1F0259A800BE2AEF /* SDWebImageManager.h */ = {isa = PBXFileReference; fileEncoding = 4; lastKnownFileType = sourcecode.c.h; path = SDWebImageManager.h; sourceTree = "<group>"; };
		265916BF1F0259A800BE2AEF /* SDWebImageManager.m */ = {isa = PBXFileReference; fileEncoding = 4; lastKnownFileType = sourcecode.c.objc; path = SDWebImageManager.m; sourceTree = "<group>"; };
		265916C01F0259A800BE2AEF /* SDWebImageOperation.h */ = {isa = PBXFileReference; fileEncoding = 4; lastKnownFileType = sourcecode.c.h; path = SDWebImageOperation.h; sourceTree = "<group>"; };
		265916C11F0259A800BE2AEF /* SDWebImagePrefetcher.h */ = {isa = PBXFileReference; fileEncoding = 4; lastKnownFileType = sourcecode.c.h; path = SDWebImagePrefetcher.h; sourceTree = "<group>"; };
		265916C21F0259A800BE2AEF /* SDWebImagePrefetcher.m */ = {isa = PBXFileReference; fileEncoding = 4; lastKnownFileType = sourcecode.c.objc; path = SDWebImagePrefetcher.m; sourceTree = "<group>"; };
		265916C31F0259A800BE2AEF /* UIButton+WebCache.h */ = {isa = PBXFileReference; fileEncoding = 4; lastKnownFileType = sourcecode.c.h; path = "UIButton+WebCache.h"; sourceTree = "<group>"; };
		265916C41F0259A800BE2AEF /* UIButton+WebCache.m */ = {isa = PBXFileReference; fileEncoding = 4; lastKnownFileType = sourcecode.c.objc; path = "UIButton+WebCache.m"; sourceTree = "<group>"; };
		265916C51F0259A800BE2AEF /* UIImage+GIF.h */ = {isa = PBXFileReference; fileEncoding = 4; lastKnownFileType = sourcecode.c.h; path = "UIImage+GIF.h"; sourceTree = "<group>"; };
		265916C61F0259A800BE2AEF /* UIImage+GIF.m */ = {isa = PBXFileReference; fileEncoding = 4; lastKnownFileType = sourcecode.c.objc; path = "UIImage+GIF.m"; sourceTree = "<group>"; };
		265916C71F0259A800BE2AEF /* UIImage+MultiFormat.h */ = {isa = PBXFileReference; fileEncoding = 4; lastKnownFileType = sourcecode.c.h; path = "UIImage+MultiFormat.h"; sourceTree = "<group>"; };
		265916C81F0259A800BE2AEF /* UIImage+MultiFormat.m */ = {isa = PBXFileReference; fileEncoding = 4; lastKnownFileType = sourcecode.c.objc; path = "UIImage+MultiFormat.m"; sourceTree = "<group>"; };
		265916C91F0259A800BE2AEF /* UIImage+WebP.h */ = {isa = PBXFileReference; fileEncoding = 4; lastKnownFileType = sourcecode.c.h; path = "UIImage+WebP.h"; sourceTree = "<group>"; };
		265916CA1F0259A800BE2AEF /* UIImage+WebP.m */ = {isa = PBXFileReference; fileEncoding = 4; lastKnownFileType = sourcecode.c.objc; path = "UIImage+WebP.m"; sourceTree = "<group>"; };
		265916CB1F0259A800BE2AEF /* UIImageView+HighlightedWebCache.h */ = {isa = PBXFileReference; fileEncoding = 4; lastKnownFileType = sourcecode.c.h; path = "UIImageView+HighlightedWebCache.h"; sourceTree = "<group>"; };
		265916CC1F0259A800BE2AEF /* UIImageView+HighlightedWebCache.m */ = {isa = PBXFileReference; fileEncoding = 4; lastKnownFileType = sourcecode.c.objc; path = "UIImageView+HighlightedWebCache.m"; sourceTree = "<group>"; };
		265916CD1F0259A800BE2AEF /* UIImageView+WebCache.h */ = {isa = PBXFileReference; fileEncoding = 4; lastKnownFileType = sourcecode.c.h; path = "UIImageView+WebCache.h"; sourceTree = "<group>"; };
		265916CE1F0259A800BE2AEF /* UIImageView+WebCache.m */ = {isa = PBXFileReference; fileEncoding = 4; lastKnownFileType = sourcecode.c.objc; path = "UIImageView+WebCache.m"; sourceTree = "<group>"; };
		265916CF1F0259A800BE2AEF /* UIView+WebCacheOperation.h */ = {isa = PBXFileReference; fileEncoding = 4; lastKnownFileType = sourcecode.c.h; path = "UIView+WebCacheOperation.h"; sourceTree = "<group>"; };
		265916D01F0259A800BE2AEF /* UIView+WebCacheOperation.m */ = {isa = PBXFileReference; fileEncoding = 4; lastKnownFileType = sourcecode.c.objc; path = "UIView+WebCacheOperation.m"; sourceTree = "<group>"; };
		265916E31F025A8600BE2AEF /* libsqlite3.tbd */ = {isa = PBXFileReference; lastKnownFileType = "sourcecode.text-based-dylib-definition"; name = libsqlite3.tbd; path = usr/lib/libsqlite3.tbd; sourceTree = SDKROOT; };
		265916E61F025EC200BE2AEF /* CoreDataVC.h */ = {isa = PBXFileReference; fileEncoding = 4; lastKnownFileType = sourcecode.c.h; path = CoreDataVC.h; sourceTree = "<group>"; };
		265916E71F025EC200BE2AEF /* CoreDataVC.m */ = {isa = PBXFileReference; fileEncoding = 4; lastKnownFileType = sourcecode.c.objc; path = CoreDataVC.m; sourceTree = "<group>"; };
		267E0064210081FC002566DC /* YHBaseModel.h */ = {isa = PBXFileReference; lastKnownFileType = sourcecode.c.h; path = YHBaseModel.h; sourceTree = "<group>"; };
		267E0065210081FC002566DC /* YHBaseModel.m */ = {isa = PBXFileReference; lastKnownFileType = sourcecode.c.objc; path = YHBaseModel.m; sourceTree = "<group>"; };
		267E00682100887B002566DC /* SQLite 语句.m */ = {isa = PBXFileReference; fileEncoding = 4; lastKnownFileType = sourcecode.c.objc; path = "SQLite 语句.m"; sourceTree = "<group>"; };
		267E006A21018D81002566DC /* JXFMDBMOperator.h */ = {isa = PBXFileReference; lastKnownFileType = sourcecode.c.h; path = JXFMDBMOperator.h; sourceTree = "<group>"; };
		267E006B21018D81002566DC /* JXFMDBMOperator.m */ = {isa = PBXFileReference; lastKnownFileType = sourcecode.c.objc; path = JXFMDBMOperator.m; sourceTree = "<group>"; };
		26FC0EDB1F18B6DD002CFCC7 /* HNBFileManager.h */ = {isa = PBXFileReference; fileEncoding = 4; lastKnownFileType = sourcecode.c.h; path = HNBFileManager.h; sourceTree = "<group>"; };
		26FC0EDC1F18B6DD002CFCC7 /* HNBFileManager.m */ = {isa = PBXFileReference; fileEncoding = 4; lastKnownFileType = sourcecode.c.objc; path = HNBFileManager.m; sourceTree = "<group>"; };
/* End PBXFileReference section */

/* Begin PBXFrameworksBuildPhase section */
		265916441F02375800BE2AEF /* Frameworks */ = {
			isa = PBXFrameworksBuildPhase;
			buildActionMask = 2147483647;
			files = (
				265916E41F025A8600BE2AEF /* libsqlite3.tbd in Frameworks */,
			);
			runOnlyForDeploymentPostprocessing = 0;
		};
/* End PBXFrameworksBuildPhase section */

/* Begin PBXGroup section */
		2659163E1F02375700BE2AEF = {
			isa = PBXGroup;
			children = (
				265916491F02375800BE2AEF /* DataStoreDemo */,
				265916481F02375800BE2AEF /* Products */,
				265916E21F025A8600BE2AEF /* Frameworks */,
			);
			sourceTree = "<group>";
		};
		265916481F02375800BE2AEF /* Products */ = {
			isa = PBXGroup;
			children = (
				265916471F02375800BE2AEF /* DataStoreDemo.app */,
			);
			name = Products;
			sourceTree = "<group>";
		};
		265916491F02375800BE2AEF /* DataStoreDemo */ = {
			isa = PBXGroup;
			children = (
				267E00672100887B002566DC /* Resource */,
				2659169C1F02597000BE2AEF /* ThirdLibs */,
				265916951F02585300BE2AEF /* Tool */,
				265916691F02556100BE2AEF /* Base */,
				265916611F02545700BE2AEF /* DataStoreGroup */,
				265916621F02545700BE2AEF /* Main */,
				265916531F02375800BE2AEF /* Main.storyboard */,
				265916561F02375800BE2AEF /* Assets.xcassets */,
				265916581F02375800BE2AEF /* LaunchScreen.storyboard */,
				2659165B1F02375800BE2AEF /* Info.plist */,
				2659164A1F02375800BE2AEF /* Supporting Files */,
			);
			path = DataStoreDemo;
			sourceTree = "<group>";
		};
		2659164A1F02375800BE2AEF /* Supporting Files */ = {
			isa = PBXGroup;
			children = (
				2659164B1F02375800BE2AEF /* main.m */,
			);
			name = "Supporting Files";
			sourceTree = "<group>";
		};
		265916611F02545700BE2AEF /* DataStoreGroup */ = {
			isa = PBXGroup;
			children = (
				265916E51F025EB100BE2AEF /* CoreDataVC */,
				265916701F02578D00BE2AEF /* CodeVC */,
				265916751F02578D00BE2AEF /* DefaultStore */,
				265916781F02578D00BE2AEF /* FileWRStore */,
				2659167B1F02578D00BE2AEF /* PlistStore */,
				2659167E1F02578D00BE2AEF /* SQLiteStore */,
			);
			path = DataStoreGroup;
			sourceTree = "<group>";
		};
		265916621F02545700BE2AEF /* Main */ = {
			isa = PBXGroup;
			children = (
				265916631F02545700BE2AEF /* AppDelegate.h */,
				265916641F02545700BE2AEF /* AppDelegate.m */,
				265916651F02545700BE2AEF /* ViewController.h */,
				265916661F02545700BE2AEF /* ViewController.m */,
				265916921F0257AE00BE2AEF /* DataStoreMainView.h */,
				265916931F0257AE00BE2AEF /* DataStoreMainView.m */,
			);
			path = Main;
			sourceTree = "<group>";
		};
		265916691F02556100BE2AEF /* Base */ = {
			isa = PBXGroup;
			children = (
				2659166A1F02556100BE2AEF /* YHBaseController.h */,
				2659166B1F02556100BE2AEF /* YHBaseController.m */,
				2659166D1F0256F600BE2AEF /* YHBaseTable.h */,
				2659166E1F0256F600BE2AEF /* YHBaseTable.m */,
				267E0064210081FC002566DC /* YHBaseModel.h */,
				267E0065210081FC002566DC /* YHBaseModel.m */,
			);
			path = Base;
			sourceTree = "<group>";
		};
		265916701F02578D00BE2AEF /* CodeVC */ = {
			isa = PBXGroup;
			children = (
				265916711F02578D00BE2AEF /* EncodeVC.h */,
				265916721F02578D00BE2AEF /* EncodeVC.m */,
				265916731F02578D00BE2AEF /* PersonInfo.h */,
				265916741F02578D00BE2AEF /* PersonInfo.m */,
			);
			path = CodeVC;
			sourceTree = "<group>";
		};
		265916751F02578D00BE2AEF /* DefaultStore */ = {
			isa = PBXGroup;
			children = (
				265916761F02578D00BE2AEF /* DefaultVC.h */,
				265916771F02578D00BE2AEF /* DefaultVC.m */,
			);
			path = DefaultStore;
			sourceTree = "<group>";
		};
		265916781F02578D00BE2AEF /* FileWRStore */ = {
			isa = PBXGroup;
			children = (
				265916791F02578D00BE2AEF /* FileWRVC.h */,
				2659167A1F02578D00BE2AEF /* FileWRVC.m */,
			);
			path = FileWRStore;
			sourceTree = "<group>";
		};
		2659167B1F02578D00BE2AEF /* PlistStore */ = {
			isa = PBXGroup;
			children = (
				2659167C1F02578D00BE2AEF /* PlistVC.h */,
				2659167D1F02578D00BE2AEF /* PlistVC.m */,
			);
			path = PlistStore;
			sourceTree = "<group>";
		};
		2659167E1F02578D00BE2AEF /* SQLiteStore */ = {
			isa = PBXGroup;
			children = (
				2659167F1F02578D00BE2AEF /* Controller */,
				265916821F02578D00BE2AEF /* Model */,
				265916851F02578D00BE2AEF /* View */,
			);
			path = SQLiteStore;
			sourceTree = "<group>";
		};
		2659167F1F02578D00BE2AEF /* Controller */ = {
			isa = PBXGroup;
			children = (
				265916801F02578D00BE2AEF /* SQLiteVC.h */,
				265916811F02578D00BE2AEF /* SQLiteVC.m */,
			);
			path = Controller;
			sourceTree = "<group>";
		};
		265916821F02578D00BE2AEF /* Model */ = {
			isa = PBXGroup;
			children = (
				265916831F02578D00BE2AEF /* Movie.h */,
				265916841F02578D00BE2AEF /* Movie.m */,
			);
			path = Model;
			sourceTree = "<group>";
		};
		265916851F02578D00BE2AEF /* View */ = {
			isa = PBXGroup;
			children = (
				265916861F02578D00BE2AEF /* MovieCell.h */,
				265916871F02578D00BE2AEF /* MovieCell.m */,
				265916881F02578D00BE2AEF /* MovieCell.xib */,
			);
			path = View;
			sourceTree = "<group>";
		};
		265916951F02585300BE2AEF /* Tool */ = {
			isa = PBXGroup;
			children = (
				26FC0EDB1F18B6DD002CFCC7 /* HNBFileManager.h */,
				26FC0EDC1F18B6DD002CFCC7 /* HNBFileManager.m */,
				265916961F02585300BE2AEF /* YHDataBaseManager.h */,
				265916971F02585300BE2AEF /* YHDataBaseManager.m */,
				265916981F02585300BE2AEF /* YHFileOperator.h */,
				265916991F02585300BE2AEF /* YHFileOperator.m */,
				267E006A21018D81002566DC /* JXFMDBMOperator.h */,
				267E006B21018D81002566DC /* JXFMDBMOperator.m */,
			);
			path = Tool;
			sourceTree = "<group>";
		};
		2659169C1F02597000BE2AEF /* ThirdLibs */ = {
			isa = PBXGroup;
			children = (
				265916AE1F0259A800BE2AEF /* SDWebImage */,
				2659169D1F02597000BE2AEF /* FMDB */,
			);
			path = ThirdLibs;
			sourceTree = "<group>";
		};
		2659169D1F02597000BE2AEF /* FMDB */ = {
			isa = PBXGroup;
			children = (
				2659169E1F02597000BE2AEF /* FMDatabase.h */,
				2659169F1F02597000BE2AEF /* FMDatabase.m */,
				265916A01F02597000BE2AEF /* FMDatabaseAdditions.h */,
				265916A11F02597000BE2AEF /* FMDatabaseAdditions.m */,
				265916A21F02597000BE2AEF /* FMDatabasePool.h */,
				265916A31F02597000BE2AEF /* FMDatabasePool.m */,
				265916A41F02597000BE2AEF /* FMDatabaseQueue.h */,
				265916A51F02597000BE2AEF /* FMDatabaseQueue.m */,
				265916A61F02597000BE2AEF /* FMDB.h */,
				265916A71F02597000BE2AEF /* FMResultSet.h */,
				265916A81F02597000BE2AEF /* FMResultSet.m */,
			);
			path = FMDB;
			sourceTree = "<group>";
		};
		265916AE1F0259A800BE2AEF /* SDWebImage */ = {
			isa = PBXGroup;
			children = (
				265916AF1F0259A800BE2AEF /* MKAnnotationView+WebCache.h */,
				265916B01F0259A800BE2AEF /* MKAnnotationView+WebCache.m */,
				265916B11F0259A800BE2AEF /* NSData+ImageContentType.h */,
				265916B21F0259A800BE2AEF /* NSData+ImageContentType.m */,
				265916B31F0259A800BE2AEF /* photo.png */,
				265916B41F0259A800BE2AEF /* SDImageCache.h */,
				265916B51F0259A800BE2AEF /* SDImageCache.m */,
				265916B61F0259A800BE2AEF /* SDWebImageCompat.h */,
				265916B71F0259A800BE2AEF /* SDWebImageCompat.m */,
				265916B81F0259A800BE2AEF /* SDWebImageDecoder.h */,
				265916B91F0259A800BE2AEF /* SDWebImageDecoder.m */,
				265916BA1F0259A800BE2AEF /* SDWebImageDownloader.h */,
				265916BB1F0259A800BE2AEF /* SDWebImageDownloader.m */,
				265916BC1F0259A800BE2AEF /* SDWebImageDownloaderOperation.h */,
				265916BD1F0259A800BE2AEF /* SDWebImageDownloaderOperation.m */,
				265916BE1F0259A800BE2AEF /* SDWebImageManager.h */,
				265916BF1F0259A800BE2AEF /* SDWebImageManager.m */,
				265916C01F0259A800BE2AEF /* SDWebImageOperation.h */,
				265916C11F0259A800BE2AEF /* SDWebImagePrefetcher.h */,
				265916C21F0259A800BE2AEF /* SDWebImagePrefetcher.m */,
				265916C31F0259A800BE2AEF /* UIButton+WebCache.h */,
				265916C41F0259A800BE2AEF /* UIButton+WebCache.m */,
				265916C51F0259A800BE2AEF /* UIImage+GIF.h */,
				265916C61F0259A800BE2AEF /* UIImage+GIF.m */,
				265916C71F0259A800BE2AEF /* UIImage+MultiFormat.h */,
				265916C81F0259A800BE2AEF /* UIImage+MultiFormat.m */,
				265916C91F0259A800BE2AEF /* UIImage+WebP.h */,
				265916CA1F0259A800BE2AEF /* UIImage+WebP.m */,
				265916CB1F0259A800BE2AEF /* UIImageView+HighlightedWebCache.h */,
				265916CC1F0259A800BE2AEF /* UIImageView+HighlightedWebCache.m */,
				265916CD1F0259A800BE2AEF /* UIImageView+WebCache.h */,
				265916CE1F0259A800BE2AEF /* UIImageView+WebCache.m */,
				265916CF1F0259A800BE2AEF /* UIView+WebCacheOperation.h */,
				265916D01F0259A800BE2AEF /* UIView+WebCacheOperation.m */,
			);
			path = SDWebImage;
			sourceTree = "<group>";
		};
		265916E21F025A8600BE2AEF /* Frameworks */ = {
			isa = PBXGroup;
			children = (
				265916E31F025A8600BE2AEF /* libsqlite3.tbd */,
			);
			name = Frameworks;
			sourceTree = "<group>";
		};
		265916E51F025EB100BE2AEF /* CoreDataVC */ = {
			isa = PBXGroup;
			children = (
				265916E61F025EC200BE2AEF /* CoreDataVC.h */,
				265916E71F025EC200BE2AEF /* CoreDataVC.m */,
			);
			path = CoreDataVC;
			sourceTree = "<group>";
		};
		267E00672100887B002566DC /* Resource */ = {
			isa = PBXGroup;
			children = (
				267E00682100887B002566DC /* SQLite 语句.m */,
			);
			path = Resource;
			sourceTree = "<group>";
		};
/* End PBXGroup section */

/* Begin PBXNativeTarget section */
		265916461F02375800BE2AEF /* DataStoreDemo */ = {
			isa = PBXNativeTarget;
			buildConfigurationList = 2659165E1F02375800BE2AEF /* Build configuration list for PBXNativeTarget "DataStoreDemo" */;
			buildPhases = (
				265916431F02375800BE2AEF /* Sources */,
				265916441F02375800BE2AEF /* Frameworks */,
				265916451F02375800BE2AEF /* Resources */,
			);
			buildRules = (
			);
			dependencies = (
			);
			name = DataStoreDemo;
			productName = DataStoreDemo;
			productReference = 265916471F02375800BE2AEF /* DataStoreDemo.app */;
			productType = "com.apple.product-type.application";
		};
/* End PBXNativeTarget section */

/* Begin PBXProject section */
		2659163F1F02375800BE2AEF /* Project object */ = {
			isa = PBXProject;
			attributes = {
				LastUpgradeCheck = 0820;
				ORGANIZATIONNAME = hainbwyh;
				TargetAttributes = {
					265916461F02375800BE2AEF = {
						CreatedOnToolsVersion = 8.2.1;
						DevelopmentTeam = JA7UMD99EC;
						ProvisioningStyle = Automatic;
					};
				};
			};
			buildConfigurationList = 265916421F02375800BE2AEF /* Build configuration list for PBXProject "DataStoreDemo" */;
			compatibilityVersion = "Xcode 3.2";
			developmentRegion = English;
			hasScannedForEncodings = 0;
			knownRegions = (
				en,
				Base,
			);
			mainGroup = 2659163E1F02375700BE2AEF;
			productRefGroup = 265916481F02375800BE2AEF /* Products */;
			projectDirPath = "";
			projectRoot = "";
			targets = (
				265916461F02375800BE2AEF /* DataStoreDemo */,
			);
		};
/* End PBXProject section */

/* Begin PBXResourcesBuildPhase section */
		265916451F02375800BE2AEF /* Resources */ = {
			isa = PBXResourcesBuildPhase;
			buildActionMask = 2147483647;
			files = (
				2659165A1F02375800BE2AEF /* LaunchScreen.storyboard in Resources */,
				265916571F02375800BE2AEF /* Assets.xcassets in Resources */,
				265916D31F0259A800BE2AEF /* photo.png in Resources */,
				265916911F02578D00BE2AEF /* MovieCell.xib in Resources */,
				265916551F02375800BE2AEF /* Main.storyboard in Resources */,
			);
			runOnlyForDeploymentPostprocessing = 0;
		};
/* End PBXResourcesBuildPhase section */

/* Begin PBXSourcesBuildPhase section */
		265916431F02375800BE2AEF /* Sources */ = {
			isa = PBXSourcesBuildPhase;
			buildActionMask = 2147483647;
			files = (
				265916D61F0259A800BE2AEF /* SDWebImageDecoder.m in Sources */,
				2659168A1F02578D00BE2AEF /* PersonInfo.m in Sources */,
				265916D11F0259A800BE2AEF /* MKAnnotationView+WebCache.m in Sources */,
				2659168C1F02578D00BE2AEF /* FileWRVC.m in Sources */,
				265916AB1F02597000BE2AEF /* FMDatabasePool.m in Sources */,
				2659169A1F02585300BE2AEF /* YHDataBaseManager.m in Sources */,
				265916891F02578D00BE2AEF /* EncodeVC.m in Sources */,
				265916AC1F02597000BE2AEF /* FMDatabaseQueue.m in Sources */,
				265916D51F0259A800BE2AEF /* SDWebImageCompat.m in Sources */,
				265916D41F0259A800BE2AEF /* SDImageCache.m in Sources */,
				265916DD1F0259A800BE2AEF /* UIImage+MultiFormat.m in Sources */,
				265916DC1F0259A800BE2AEF /* UIImage+GIF.m in Sources */,
				265916D71F0259A800BE2AEF /* SDWebImageDownloader.m in Sources */,
				265916A91F02597000BE2AEF /* FMDatabase.m in Sources */,
				267E00692100887C002566DC /* SQLite 语句.m in Sources */,
				265916E01F0259A800BE2AEF /* UIImageView+WebCache.m in Sources */,
				265916DB1F0259A800BE2AEF /* UIButton+WebCache.m in Sources */,
				265916AA1F02597000BE2AEF /* FMDatabaseAdditions.m in Sources */,
				2659168E1F02578D00BE2AEF /* SQLiteVC.m in Sources */,
				265916AD1F02597000BE2AEF /* FMResultSet.m in Sources */,
				26FC0EDD1F18B6DD002CFCC7 /* HNBFileManager.m in Sources */,
				2659168D1F02578D00BE2AEF /* PlistVC.m in Sources */,
				265916941F0257AE00BE2AEF /* DataStoreMainView.m in Sources */,
				265916681F02545700BE2AEF /* ViewController.m in Sources */,
				265916D81F0259A800BE2AEF /* SDWebImageDownloaderOperation.m in Sources */,
				2659169B1F02585300BE2AEF /* YHFileOperator.m in Sources */,
				2659168F1F02578D00BE2AEF /* Movie.m in Sources */,
				265916DA1F0259A800BE2AEF /* SDWebImagePrefetcher.m in Sources */,
				265916DE1F0259A800BE2AEF /* UIImage+WebP.m in Sources */,
				265916E81F025EC200BE2AEF /* CoreDataVC.m in Sources */,
				267E0066210081FC002566DC /* YHBaseModel.m in Sources */,
				265916D91F0259A800BE2AEF /* SDWebImageManager.m in Sources */,
				265916D21F0259A800BE2AEF /* NSData+ImageContentType.m in Sources */,
				2659166C1F02556100BE2AEF /* YHBaseController.m in Sources */,
				2659168B1F02578D00BE2AEF /* DefaultVC.m in Sources */,
				2659166F1F0256F600BE2AEF /* YHBaseTable.m in Sources */,
				267E006C21018D81002566DC /* JXFMDBMOperator.m in Sources */,
				265916671F02545700BE2AEF /* AppDelegate.m in Sources */,
				2659164C1F02375800BE2AEF /* main.m in Sources */,
				265916E11F0259A800BE2AEF /* UIView+WebCacheOperation.m in Sources */,
				265916DF1F0259A800BE2AEF /* UIImageView+HighlightedWebCache.m in Sources */,
				265916901F02578D00BE2AEF /* MovieCell.m in Sources */,
			);
			runOnlyForDeploymentPostprocessing = 0;
		};
/* End PBXSourcesBuildPhase section */

/* Begin PBXVariantGroup section */
		265916531F02375800BE2AEF /* Main.storyboard */ = {
			isa = PBXVariantGroup;
			children = (
				265916541F02375800BE2AEF /* Base */,
			);
			name = Main.storyboard;
			sourceTree = "<group>";
		};
		265916581F02375800BE2AEF /* LaunchScreen.storyboard */ = {
			isa = PBXVariantGroup;
			children = (
				265916591F02375800BE2AEF /* Base */,
			);
			name = LaunchScreen.storyboard;
			sourceTree = "<group>";
		};
/* End PBXVariantGroup section */

/* Begin XCBuildConfiguration section */
		2659165C1F02375800BE2AEF /* Debug */ = {
			isa = XCBuildConfiguration;
			buildSettings = {
				ALWAYS_SEARCH_USER_PATHS = NO;
				CLANG_ANALYZER_NONNULL = YES;
				CLANG_CXX_LANGUAGE_STANDARD = "gnu++0x";
				CLANG_CXX_LIBRARY = "libc++";
				CLANG_ENABLE_MODULES = YES;
				CLANG_ENABLE_OBJC_ARC = YES;
				CLANG_WARN_BOOL_CONVERSION = YES;
				CLANG_WARN_CONSTANT_CONVERSION = YES;
				CLANG_WARN_DIRECT_OBJC_ISA_USAGE = YES_ERROR;
				CLANG_WARN_DOCUMENTATION_COMMENTS = YES;
				CLANG_WARN_EMPTY_BODY = YES;
				CLANG_WARN_ENUM_CONVERSION = YES;
				CLANG_WARN_INFINITE_RECURSION = YES;
				CLANG_WARN_INT_CONVERSION = YES;
				CLANG_WARN_OBJC_ROOT_CLASS = YES_ERROR;
				CLANG_WARN_SUSPICIOUS_MOVE = YES;
				CLANG_WARN_UNREACHABLE_CODE = YES;
				CLANG_WARN__DUPLICATE_METHOD_MATCH = YES;
				"CODE_SIGN_IDENTITY[sdk=iphoneos*]" = "iPhone Developer";
				COPY_PHASE_STRIP = NO;
				DEBUG_INFORMATION_FORMAT = dwarf;
				ENABLE_STRICT_OBJC_MSGSEND = YES;
				ENABLE_TESTABILITY = YES;
				GCC_C_LANGUAGE_STANDARD = gnu99;
				GCC_DYNAMIC_NO_PIC = NO;
				GCC_NO_COMMON_BLOCKS = YES;
				GCC_OPTIMIZATION_LEVEL = 0;
				GCC_PREPROCESSOR_DEFINITIONS = (
					"DEBUG=1",
					"$(inherited)",
				);
				GCC_WARN_64_TO_32_BIT_CONVERSION = YES;
				GCC_WARN_ABOUT_RETURN_TYPE = YES_ERROR;
				GCC_WARN_UNDECLARED_SELECTOR = YES;
				GCC_WARN_UNINITIALIZED_AUTOS = YES_AGGRESSIVE;
				GCC_WARN_UNUSED_FUNCTION = YES;
				GCC_WARN_UNUSED_VARIABLE = YES;
				IPHONEOS_DEPLOYMENT_TARGET = 10.2;
				MTL_ENABLE_DEBUG_INFO = YES;
				ONLY_ACTIVE_ARCH = YES;
				SDKROOT = iphoneos;
			};
			name = Debug;
		};
		2659165D1F02375800BE2AEF /* Release */ = {
			isa = XCBuildConfiguration;
			buildSettings = {
				ALWAYS_SEARCH_USER_PATHS = NO;
				CLANG_ANALYZER_NONNULL = YES;
				CLANG_CXX_LANGUAGE_STANDARD = "gnu++0x";
				CLANG_CXX_LIBRARY = "libc++";
				CLANG_ENABLE_MODULES = YES;
				CLANG_ENABLE_OBJC_ARC = YES;
				CLANG_WARN_BOOL_CONVERSION = YES;
				CLANG_WARN_CONSTANT_CONVERSION = YES;
				CLANG_WARN_DIRECT_OBJC_ISA_USAGE = YES_ERROR;
				CLANG_WARN_DOCUMENTATION_COMMENTS = YES;
				CLANG_WARN_EMPTY_BODY = YES;
				CLANG_WARN_ENUM_CONVERSION = YES;
				CLANG_WARN_INFINITE_RECURSION = YES;
				CLANG_WARN_INT_CONVERSION = YES;
				CLANG_WARN_OBJC_ROOT_CLASS = YES_ERROR;
				CLANG_WARN_SUSPICIOUS_MOVE = YES;
				CLANG_WARN_UNREACHABLE_CODE = YES;
				CLANG_WARN__DUPLICATE_METHOD_MATCH = YES;
				"CODE_SIGN_IDENTITY[sdk=iphoneos*]" = "iPhone Developer";
				COPY_PHASE_STRIP = NO;
				DEBUG_INFORMATION_FORMAT = "dwarf-with-dsym";
				ENABLE_NS_ASSERTIONS = NO;
				ENABLE_STRICT_OBJC_MSGSEND = YES;
				GCC_C_LANGUAGE_STANDARD = gnu99;
				GCC_NO_COMMON_BLOCKS = YES;
				GCC_WARN_64_TO_32_BIT_CONVERSION = YES;
				GCC_WARN_ABOUT_RETURN_TYPE = YES_ERROR;
				GCC_WARN_UNDECLARED_SELECTOR = YES;
				GCC_WARN_UNINITIALIZED_AUTOS = YES_AGGRESSIVE;
				GCC_WARN_UNUSED_FUNCTION = YES;
				GCC_WARN_UNUSED_VARIABLE = YES;
				IPHONEOS_DEPLOYMENT_TARGET = 10.2;
				MTL_ENABLE_DEBUG_INFO = NO;
				SDKROOT = iphoneos;
				VALIDATE_PRODUCT = YES;
			};
			name = Release;
		};
		2659165F1F02375800BE2AEF /* Debug */ = {
			isa = XCBuildConfiguration;
			buildSettings = {
				ASSETCATALOG_COMPILER_APPICON_NAME = AppIcon;
				DEVELOPMENT_TEAM = JA7UMD99EC;
				INFOPLIST_FILE = DataStoreDemo/Info.plist;
				IPHONEOS_DEPLOYMENT_TARGET = 8.0;
				LD_RUNPATH_SEARCH_PATHS = "$(inherited) @executable_path/Frameworks";
				PRODUCT_BUNDLE_IDENTIFIER = com.hainbwyh.DataStoreDemo;
				PRODUCT_NAME = "$(TARGET_NAME)";
			};
			name = Debug;
		};
		265916601F02375800BE2AEF /* Release */ = {
			isa = XCBuildConfiguration;
			buildSettings = {
				ASSETCATALOG_COMPILER_APPICON_NAME = AppIcon;
				DEVELOPMENT_TEAM = JA7UMD99EC;
				INFOPLIST_FILE = DataStoreDemo/Info.plist;
				IPHONEOS_DEPLOYMENT_TARGET = 8.0;
				LD_RUNPATH_SEARCH_PATHS = "$(inherited) @executable_path/Frameworks";
				PRODUCT_BUNDLE_IDENTIFIER = com.hainbwyh.DataStoreDemo;
				PRODUCT_NAME = "$(TARGET_NAME)";
			};
			name = Release;
		};
/* End XCBuildConfiguration section */

/* Begin XCConfigurationList section */
		265916421F02375800BE2AEF /* Build configuration list for PBXProject "DataStoreDemo" */ = {
			isa = XCConfigurationList;
			buildConfigurations = (
				2659165C1F02375800BE2AEF /* Debug */,
				2659165D1F02375800BE2AEF /* Release */,
			);
			defaultConfigurationIsVisible = 0;
			defaultConfigurationName = Release;
		};
		2659165E1F02375800BE2AEF /* Build configuration list for PBXNativeTarget "DataStoreDemo" */ = {
			isa = XCConfigurationList;
			buildConfigurations = (
				2659165F1F02375800BE2AEF /* Debug */,
				265916601F02375800BE2AEF /* Release */,
			);
			defaultConfigurationIsVisible = 0;
			defaultConfigurationName = Release;
		};
/* End XCConfigurationList section */
	};
	rootObject = 2659163F1F02375800BE2AEF /* Project object */;
}
