// !$*UTF8*$!
{
	archiveVersion = 1;
	classes = {
	};
	objectVersion = 46;
	objects = {

/* Begin PBXBuildFile section */
		265916251F02338800BE2AEF /* main.m in Sources */ = {isa = PBXBuildFile; fileRef = 265916241F02338800BE2AEF /* main.m */; };
		265916281F02338800BE2AEF /* AppDelegate.m in Sources */ = {isa = PBXBuildFile; fileRef = 265916271F02338800BE2AEF /* AppDelegate.m */; };
		2659162B1F02338800BE2AEF /* ViewController.m in Sources */ = {isa = PBXBuildFile; fileRef = 2659162A1F02338800BE2AEF /* ViewController.m */; };
		2659162E1F02338800BE2AEF /* Main.storyboard in Resources */ = {isa = PBXBuildFile; fileRef = 2659162C1F02338800BE2AEF /* Main.storyboard */; };
		265916301F02338800BE2AEF /* Assets.xcassets in Resources */ = {isa = PBXBuildFile; fileRef = 2659162F1F02338800BE2AEF /* Assets.xcassets */; };
		265916331F02338800BE2AEF /* LaunchScreen.storyboard in Resources */ = {isa = PBXBuildFile; fileRef = 265916311F02338800BE2AEF /* LaunchScreen.storyboard */; };
		2659163C1F0234CD00BE2AEF /* CoreDataPro.xcdatamodeld in Sources */ = {isa = PBXBuildFile; fileRef = 2659163A1F0234CD00BE2AEF /* CoreDataPro.xcdatamodeld */; };
		44CC7524B66AC70A26D4A4CB /* libPods-CoreDataPro.a in Frameworks */ = {isa = PBXBuildFile; fileRef = B8C24EEA56DD0B500175FE02 /* libPods-CoreDataPro.a */; };
/* End PBXBuildFile section */

/* Begin PBXFileReference section */
		265916201F02338800BE2AEF /* CoreDataPro.app */ = {isa = PBXFileReference; explicitFileType = wrapper.application; includeInIndex = 0; path = CoreDataPro.app; sourceTree = BUILT_PRODUCTS_DIR; };
		265916241F02338800BE2AEF /* main.m */ = {isa = PBXFileReference; lastKnownFileType = sourcecode.c.objc; path = main.m; sourceTree = "<group>"; };
		265916261F02338800BE2AEF /* AppDelegate.h */ = {isa = PBXFileReference; lastKnownFileType = sourcecode.c.h; path = AppDelegate.h; sourceTree = "<group>"; };
		265916271F02338800BE2AEF /* AppDelegate.m */ = {isa = PBXFileReference; lastKnownFileType = sourcecode.c.objc; path = AppDelegate.m; sourceTree = "<group>"; };
		265916291F02338800BE2AEF /* ViewController.h */ = {isa = PBXFileReference; lastKnownFileType = sourcecode.c.h; path = ViewController.h; sourceTree = "<group>"; };
		2659162A1F02338800BE2AEF /* ViewController.m */ = {isa = PBXFileReference; lastKnownFileType = sourcecode.c.objc; path = ViewController.m; sourceTree = "<group>"; };
		2659162D1F02338800BE2AEF /* Base */ = {isa = PBXFileReference; lastKnownFileType = file.storyboard; name = Base; path = Base.lproj/Main.storyboard; sourceTree = "<group>"; };
		2659162F1F02338800BE2AEF /* Assets.xcassets */ = {isa = PBXFileReference; lastKnownFileType = folder.assetcatalog; path = Assets.xcassets; sourceTree = "<group>"; };
		265916321F02338800BE2AEF /* Base */ = {isa = PBXFileReference; lastKnownFileType = file.storyboard; name = Base; path = Base.lproj/LaunchScreen.storyboard; sourceTree = "<group>"; };
		265916341F02338800BE2AEF /* Info.plist */ = {isa = PBXFileReference; lastKnownFileType = text.plist.xml; path = Info.plist; sourceTree = "<group>"; };
		2659163B1F0234CD00BE2AEF /* CoreDataPro.xcdatamodel */ = {isa = PBXFileReference; lastKnownFileType = wrapper.xcdatamodel; path = CoreDataPro.xcdatamodel; sourceTree = "<group>"; };
		2659163D1F02368200BE2AEF /* CoreDataPro 2.xcdatamodel */ = {isa = PBXFileReference; lastKnownFileType = wrapper.xcdatamodel; path = "CoreDataPro 2.xcdatamodel"; sourceTree = "<group>"; };
		5D30F4AA11DD5098D363084F /* Pods-CoreDataPro.release.xcconfig */ = {isa = PBXFileReference; includeInIndex = 1; lastKnownFileType = text.xcconfig; name = "Pods-CoreDataPro.release.xcconfig"; path = "Pods/Target Support Files/Pods-CoreDataPro/Pods-CoreDataPro.release.xcconfig"; sourceTree = "<group>"; };
		627851A1F2AD4EE049D4E12C /* Pods-CoreDataPro.debug.xcconfig */ = {isa = PBXFileReference; includeInIndex = 1; lastKnownFileType = text.xcconfig; name = "Pods-CoreDataPro.debug.xcconfig"; path = "Pods/Target Support Files/Pods-CoreDataPro/Pods-CoreDataPro.debug.xcconfig"; sourceTree = "<group>"; };
		B8C24EEA56DD0B500175FE02 /* libPods-CoreDataPro.a */ = {isa = PBXFileReference; explicitFileType = archive.ar; includeInIndex = 0; path = "libPods-CoreDataPro.a"; sourceTree = BUILT_PRODUCTS_DIR; };
/* End PBXFileReference section */

/* Begin PBXFrameworksBuildPhase section */
		2659161D1F02338800BE2AEF /* Frameworks */ = {
			isa = PBXFrameworksBuildPhase;
			buildActionMask = 2147483647;
			files = (
				44CC7524B66AC70A26D4A4CB /* libPods-CoreDataPro.a in Frameworks */,
			);
			runOnlyForDeploymentPostprocessing = 0;
		};
/* End PBXFrameworksBuildPhase section */

/* Begin PBXGroup section */
		07C933B9443AB1ED0E924E0C /* Frameworks */ = {
			isa = PBXGroup;
			children = (
				B8C24EEA56DD0B500175FE02 /* libPods-CoreDataPro.a */,
			);
			name = Frameworks;
			sourceTree = "<group>";
		};
		24B241A5A94CDE9C34D931A6 /* Pods */ = {
			isa = PBXGroup;
			children = (
				627851A1F2AD4EE049D4E12C /* Pods-CoreDataPro.debug.xcconfig */,
				5D30F4AA11DD5098D363084F /* Pods-CoreDataPro.release.xcconfig */,
			);
			name = Pods;
			sourceTree = "<group>";
		};
		265916171F02338800BE2AEF = {
			isa = PBXGroup;
			children = (
				2659163A1F0234CD00BE2AEF /* CoreDataPro.xcdatamodeld */,
				265916221F02338800BE2AEF /* CoreDataPro */,
				265916211F02338800BE2AEF /* Products */,
				24B241A5A94CDE9C34D931A6 /* Pods */,
				07C933B9443AB1ED0E924E0C /* Frameworks */,
			);
			sourceTree = "<group>";
		};
		265916211F02338800BE2AEF /* Products */ = {
			isa = PBXGroup;
			children = (
				265916201F02338800BE2AEF /* CoreDataPro.app */,
			);
			name = Products;
			sourceTree = "<group>";
		};
		265916221F02338800BE2AEF /* CoreDataPro */ = {
			isa = PBXGroup;
			children = (
				265916261F02338800BE2AEF /* AppDelegate.h */,
				265916271F02338800BE2AEF /* AppDelegate.m */,
				265916291F02338800BE2AEF /* ViewController.h */,
				2659162A1F02338800BE2AEF /* ViewController.m */,
				2659162C1F02338800BE2AEF /* Main.storyboard */,
				2659162F1F02338800BE2AEF /* Assets.xcassets */,
				265916311F02338800BE2AEF /* LaunchScreen.storyboard */,
				265916341F02338800BE2AEF /* Info.plist */,
				265916231F02338800BE2AEF /* Supporting Files */,
			);
			path = CoreDataPro;
			sourceTree = "<group>";
		};
		265916231F02338800BE2AEF /* Supporting Files */ = {
			isa = PBXGroup;
			children = (
				265916241F02338800BE2AEF /* main.m */,
			);
			name = "Supporting Files";
			sourceTree = "<group>";
		};
/* End PBXGroup section */

/* Begin PBXNativeTarget section */
		2659161F1F02338800BE2AEF /* CoreDataPro */ = {
			isa = PBXNativeTarget;
			buildConfigurationList = 265916371F02338800BE2AEF /* Build configuration list for PBXNativeTarget "CoreDataPro" */;
			buildPhases = (
				8F30DD6EA5057A3A1A984B23 /* [CP] Check Pods Manifest.lock */,
				2659161C1F02338800BE2AEF /* Sources */,
				2659161D1F02338800BE2AEF /* Frameworks */,
				2659161E1F02338800BE2AEF /* Resources */,
				C71C335B7445567439A81194 /* [CP] Embed Pods Frameworks */,
				5B5ED29879377FF2C827C032 /* [CP] Copy Pods Resources */,
			);
			buildRules = (
			);
			dependencies = (
			);
			name = CoreDataPro;
			productName = CoreDataPro;
			productReference = 265916201F02338800BE2AEF /* CoreDataPro.app */;
			productType = "com.apple.product-type.application";
		};
/* End PBXNativeTarget section */

/* Begin PBXProject section */
		265916181F02338800BE2AEF /* Project object */ = {
			isa = PBXProject;
			attributes = {
				LastUpgradeCheck = 0820;
				ORGANIZATIONNAME = hainbwyh;
				TargetAttributes = {
					2659161F1F02338800BE2AEF = {
						CreatedOnToolsVersion = 8.2.1;
						DevelopmentTeam = JA7UMD99EC;
						ProvisioningStyle = Automatic;
					};
				};
			};
			buildConfigurationList = 2659161B1F02338800BE2AEF /* Build configuration list for PBXProject "CoreDataPro" */;
			compatibilityVersion = "Xcode 3.2";
			developmentRegion = English;
			hasScannedForEncodings = 0;
			knownRegions = (
				en,
				Base,
			);
			mainGroup = 265916171F02338800BE2AEF;
			productRefGroup = 265916211F02338800BE2AEF /* Products */;
			projectDirPath = "";
			projectRoot = "";
			targets = (
				2659161F1F02338800BE2AEF /* CoreDataPro */,
			);
		};
/* End PBXProject section */

/* Begin PBXResourcesBuildPhase section */
		2659161E1F02338800BE2AEF /* Resources */ = {
			isa = PBXResourcesBuildPhase;
			buildActionMask = 2147483647;
			files = (
				265916331F02338800BE2AEF /* LaunchScreen.storyboard in Resources */,
				265916301F02338800BE2AEF /* Assets.xcassets in Resources */,
				2659162E1F02338800BE2AEF /* Main.storyboard in Resources */,
			);
			runOnlyForDeploymentPostprocessing = 0;
		};
/* End PBXResourcesBuildPhase section */

/* Begin PBXShellScriptBuildPhase section */
		5B5ED29879377FF2C827C032 /* [CP] Copy Pods Resources */ = {
			isa = PBXShellScriptBuildPhase;
			buildActionMask = 2147483647;
			files = (
			);
			inputPaths = (
			);
			name = "[CP] Copy Pods Resources";
			outputPaths = (
			);
			runOnlyForDeploymentPostprocessing = 0;
			shellPath = /bin/sh;
			shellScript = "\"${SRCROOT}/Pods/Target Support Files/Pods-CoreDataPro/Pods-CoreDataPro-resources.sh\"\n";
			showEnvVarsInLog = 0;
		};
		8F30DD6EA5057A3A1A984B23 /* [CP] Check Pods Manifest.lock */ = {
			isa = PBXShellScriptBuildPhase;
			buildActionMask = 2147483647;
			files = (
			);
			inputPaths = (
			);
			name = "[CP] Check Pods Manifest.lock";
			outputPaths = (
			);
			runOnlyForDeploymentPostprocessing = 0;
			shellPath = /bin/sh;
			shellScript = "diff \"${PODS_ROOT}/../Podfile.lock\" \"${PODS_ROOT}/Manifest.lock\" > /dev/null\nif [ $? != 0 ] ; then\n    # print error to STDERR\n    echo \"error: The sandbox is not in sync with the Podfile.lock. Run 'pod install' or update your CocoaPods installation.\" >&2\n    exit 1\nfi\n";
			showEnvVarsInLog = 0;
		};
		C71C335B7445567439A81194 /* [CP] Embed Pods Frameworks */ = {
			isa = PBXShellScriptBuildPhase;
			buildActionMask = 2147483647;
			files = (
			);
			inputPaths = (
			);
			name = "[CP] Embed Pods Frameworks";
			outputPaths = (
			);
			runOnlyForDeploymentPostprocessing = 0;
			shellPath = /bin/sh;
			shellScript = "\"${SRCROOT}/Pods/Target Support Files/Pods-CoreDataPro/Pods-CoreDataPro-frameworks.sh\"\n";
			showEnvVarsInLog = 0;
		};
/* End PBXShellScriptBuildPhase section */

/* Begin PBXSourcesBuildPhase section */
		2659161C1F02338800BE2AEF /* Sources */ = {
			isa = PBXSourcesBuildPhase;
			buildActionMask = 2147483647;
			files = (
				2659163C1F0234CD00BE2AEF /* CoreDataPro.xcdatamodeld in Sources */,
				2659162B1F02338800BE2AEF /* ViewController.m in Sources */,
				265916281F02338800BE2AEF /* AppDelegate.m in Sources */,
				265916251F02338800BE2AEF /* main.m in Sources */,
			);
			runOnlyForDeploymentPostprocessing = 0;
		};
/* End PBXSourcesBuildPhase section */

/* Begin PBXVariantGroup section */
		2659162C1F02338800BE2AEF /* Main.storyboard */ = {
			isa = PBXVariantGroup;
			children = (
				2659162D1F02338800BE2AEF /* Base */,
			);
			name = Main.storyboard;
			sourceTree = "<group>";
		};
		265916311F02338800BE2AEF /* LaunchScreen.storyboard */ = {
			isa = PBXVariantGroup;
			children = (
				265916321F02338800BE2AEF /* Base */,
			);
			name = LaunchScreen.storyboard;
			sourceTree = "<group>";
		};
/* End PBXVariantGroup section */

/* Begin XCBuildConfiguration section */
		265916351F02338800BE2AEF /* Debug */ = {
			isa = XCBuildConfiguration;
			buildSettings = {
				ALWAYS_SEARCH_USER_PATHS = NO;
				CLANG_ANALYZER_NONNULL = YES;
				CLANG_CXX_LANGUAGE_STANDARD = "gnu++0x";
				CLANG_CXX_LIBRARY = "libc++";
				CLANG_ENABLE_MODULES = YES;
				CLANG_ENABLE_OBJC_ARC = YES;
				CLANG_WARN_BOOL_CONVERSION = YES;
				CLANG_WARN_CONSTANT_CONVERSION = YES;
				CLANG_WARN_DIRECT_OBJC_ISA_USAGE = YES_ERROR;
				CLANG_WARN_DOCUMENTATION_COMMENTS = YES;
				CLANG_WARN_EMPTY_BODY = YES;
				CLANG_WARN_ENUM_CONVERSION = YES;
				CLANG_WARN_INFINITE_RECURSION = YES;
				CLANG_WARN_INT_CONVERSION = YES;
				CLANG_WARN_OBJC_ROOT_CLASS = YES_ERROR;
				CLANG_WARN_SUSPICIOUS_MOVE = YES;
				CLANG_WARN_UNREACHABLE_CODE = YES;
				CLANG_WARN__DUPLICATE_METHOD_MATCH = YES;
				"CODE_SIGN_IDENTITY[sdk=iphoneos*]" = "iPhone Developer";
				COPY_PHASE_STRIP = NO;
				DEBUG_INFORMATION_FORMAT = dwarf;
				ENABLE_STRICT_OBJC_MSGSEND = YES;
				ENABLE_TESTABILITY = YES;
				GCC_C_LANGUAGE_STANDARD = gnu99;
				GCC_DYNAMIC_NO_PIC = NO;
				GCC_NO_COMMON_BLOCKS = YES;
				GCC_OPTIMIZATION_LEVEL = 0;
				GCC_PREPROCESSOR_DEFINITIONS = (
					"DEBUG=1",
					"$(inherited)",
				);
				GCC_WARN_64_TO_32_BIT_CONVERSION = YES;
				GCC_WARN_ABOUT_RETURN_TYPE = YES_ERROR;
				GCC_WARN_UNDECLARED_SELECTOR = YES;
				GCC_WARN_UNINITIALIZED_AUTOS = YES_AGGRESSIVE;
				GCC_WARN_UNUSED_FUNCTION = YES;
				GCC_WARN_UNUSED_VARIABLE = YES;
				IPHONEOS_DEPLOYMENT_TARGET = 10.2;
				MTL_ENABLE_DEBUG_INFO = YES;
				ONLY_ACTIVE_ARCH = YES;
				SDKROOT = iphoneos;
			};
			name = Debug;
		};
		265916361F02338800BE2AEF /* Release */ = {
			isa = XCBuildConfiguration;
			buildSettings = {
				ALWAYS_SEARCH_USER_PATHS = NO;
				CLANG_ANALYZER_NONNULL = YES;
				CLANG_CXX_LANGUAGE_STANDARD = "gnu++0x";
				CLANG_CXX_LIBRARY = "libc++";
				CLANG_ENABLE_MODULES = YES;
				CLANG_ENABLE_OBJC_ARC = YES;
				CLANG_WARN_BOOL_CONVERSION = YES;
				CLANG_WARN_CONSTANT_CONVERSION = YES;
				CLANG_WARN_DIRECT_OBJC_ISA_USAGE = YES_ERROR;
				CLANG_WARN_DOCUMENTATION_COMMENTS = YES;
				CLANG_WARN_EMPTY_BODY = YES;
				CLANG_WARN_ENUM_CONVERSION = YES;
				CLANG_WARN_INFINITE_RECURSION = YES;
				CLANG_WARN_INT_CONVERSION = YES;
				CLANG_WARN_OBJC_ROOT_CLASS = YES_ERROR;
				CLANG_WARN_SUSPICIOUS_MOVE = YES;
				CLANG_WARN_UNREACHABLE_CODE = YES;
				CLANG_WARN__DUPLICATE_METHOD_MATCH = YES;
				"CODE_SIGN_IDENTITY[sdk=iphoneos*]" = "iPhone Developer";
				COPY_PHASE_STRIP = NO;
				DEBUG_INFORMATION_FORMAT = "dwarf-with-dsym";
				ENABLE_NS_ASSERTIONS = NO;
				ENABLE_STRICT_OBJC_MSGSEND = YES;
				GCC_C_LANGUAGE_STANDARD = gnu99;
				GCC_NO_COMMON_BLOCKS = YES;
				GCC_WARN_64_TO_32_BIT_CONVERSION = YES;
				GCC_WARN_ABOUT_RETURN_TYPE = YES_ERROR;
				GCC_WARN_UNDECLARED_SELECTOR = YES;
				GCC_WARN_UNINITIALIZED_AUTOS = YES_AGGRESSIVE;
				GCC_WARN_UNUSED_FUNCTION = YES;
				GCC_WARN_UNUSED_VARIABLE = YES;
				IPHONEOS_DEPLOYMENT_TARGET = 10.2;
				MTL_ENABLE_DEBUG_INFO = NO;
				SDKROOT = iphoneos;
				VALIDATE_PRODUCT = YES;
			};
			name = Release;
		};
		265916381F02338800BE2AEF /* Debug */ = {
			isa = XCBuildConfiguration;
			baseConfigurationReference = 627851A1F2AD4EE049D4E12C /* Pods-CoreDataPro.debug.xcconfig */;
			buildSettings = {
				ASSETCATALOG_COMPILER_APPICON_NAME = AppIcon;
				DEVELOPMENT_TEAM = JA7UMD99EC;
				INFOPLIST_FILE = CoreDataPro/Info.plist;
				IPHONEOS_DEPLOYMENT_TARGET = 8.0;
				LD_RUNPATH_SEARCH_PATHS = "$(inherited) @executable_path/Frameworks";
				PRODUCT_BUNDLE_IDENTIFIER = com.hainbwyh.CoreDataPro;
				PRODUCT_NAME = "$(TARGET_NAME)";
			};
			name = Debug;
		};
		265916391F02338800BE2AEF /* Release */ = {
			isa = XCBuildConfiguration;
			baseConfigurationReference = 5D30F4AA11DD5098D363084F /* Pods-CoreDataPro.release.xcconfig */;
			buildSettings = {
				ASSETCATALOG_COMPILER_APPICON_NAME = AppIcon;
				DEVELOPMENT_TEAM = JA7UMD99EC;
				INFOPLIST_FILE = CoreDataPro/Info.plist;
				IPHONEOS_DEPLOYMENT_TARGET = 8.0;
				LD_RUNPATH_SEARCH_PATHS = "$(inherited) @executable_path/Frameworks";
				PRODUCT_BUNDLE_IDENTIFIER = com.hainbwyh.CoreDataPro;
				PRODUCT_NAME = "$(TARGET_NAME)";
			};
			name = Release;
		};
/* End XCBuildConfiguration section */

/* Begin XCConfigurationList section */
		2659161B1F02338800BE2AEF /* Build configuration list for PBXProject "CoreDataPro" */ = {
			isa = XCConfigurationList;
			buildConfigurations = (
				265916351F02338800BE2AEF /* Debug */,
				265916361F02338800BE2AEF /* Release */,
			);
			defaultConfigurationIsVisible = 0;
			defaultConfigurationName = Release;
		};
		265916371F02338800BE2AEF /* Build configuration list for PBXNativeTarget "CoreDataPro" */ = {
			isa = XCConfigurationList;
			buildConfigurations = (
				265916381F02338800BE2AEF /* Debug */,
				265916391F02338800BE2AEF /* Release */,
			);
			defaultConfigurationIsVisible = 0;
			defaultConfigurationName = Release;
		};
/* End XCConfigurationList section */

/* Begin XCVersionGroup section */
		2659163A1F0234CD00BE2AEF /* CoreDataPro.xcdatamodeld */ = {
			isa = XCVersionGroup;
			children = (
				2659163D1F02368200BE2AEF /* CoreDataPro 2.xcdatamodel */,
				2659163B1F0234CD00BE2AEF /* CoreDataPro.xcdatamodel */,
			);
			currentVersion = 2659163D1F02368200BE2AEF /* CoreDataPro 2.xcdatamodel */;
			path = CoreDataPro.xcdatamodeld;
			sourceTree = "<group>";
			versionGroupType = wrapper.xcdatamodel;
		};
/* End XCVersionGroup section */
	};
	rootObject = 265916181F02338800BE2AEF /* Project object */;
}
