// !$*UTF8*$!
{
	archiveVersion = 1;
	classes = {
	};
	objectVersion = 46;
	objects = {

/* Begin PBXBuildFile section */
		265C2CF520283AE90073F244 /* ViewController.m in Sources */ = {isa = PBXBuildFile; fileRef = 265C2CF220283AE90073F244 /* ViewController.m */; };
		265C2CF620283AE90073F244 /* AppDelegate.m in Sources */ = {isa = PBXBuildFile; fileRef = 265C2CF320283AE90073F244 /* AppDelegate.m */; };
		265C2CF920283B070073F244 /* TableVC.m in Sources */ = {isa = PBXBuildFile; fileRef = 265C2CF820283B070073F244 /* TableVC.m */; };
		266958921F7F4B8600382A86 /* main.m in Sources */ = {isa = PBXBuildFile; fileRef = 266958911F7F4B8600382A86 /* main.m */; };
		2669589B1F7F4B8700382A86 /* Main.storyboard in Resources */ = {isa = PBXBuildFile; fileRef = 266958991F7F4B8700382A86 /* Main.storyboard */; };
		2669589D1F7F4B8700382A86 /* Assets.xcassets in Resources */ = {isa = PBXBuildFile; fileRef = 2669589C1F7F4B8700382A86 /* Assets.xcassets */; };
		266958A01F7F4B8700382A86 /* LaunchScreen.storyboard in Resources */ = {isa = PBXBuildFile; fileRef = 2669589E1F7F4B8700382A86 /* LaunchScreen.storyboard */; };
		266958AB1F7F4B8800382A86 /* RichTextProjectDemoTests.m in Sources */ = {isa = PBXBuildFile; fileRef = 266958AA1F7F4B8800382A86 /* RichTextProjectDemoTests.m */; };
		266958B61F7F4B8800382A86 /* RichTextProjectDemoUITests.m in Sources */ = {isa = PBXBuildFile; fileRef = 266958B51F7F4B8800382A86 /* RichTextProjectDemoUITests.m */; };
		266958F41F7F4CA400382A86 /* editor.html in Resources */ = {isa = PBXBuildFile; fileRef = 266958C61F7F4CA400382A86 /* editor.html */; };
		266958F51F7F4CA400382A86 /* jQuery.js in Resources */ = {isa = PBXBuildFile; fileRef = 266958C71F7F4CA400382A86 /* jQuery.js */; };
		266958F61F7F4CA400382A86 /* JSBeautifier.js in Resources */ = {isa = PBXBuildFile; fileRef = 266958C81F7F4CA400382A86 /* JSBeautifier.js */; };
		266958F71F7F4CA400382A86 /* ZSSRichTextEditor.js in Resources */ = {isa = PBXBuildFile; fileRef = 266958C91F7F4CA400382A86 /* ZSSRichTextEditor.js */; };
		266958F81F7F4CA400382A86 /* delete@2x.png in Resources */ = {isa = PBXBuildFile; fileRef = 266958CB1F7F4CA400382A86 /* delete@2x.png */; };
		266958F91F7F4CA400382A86 /* reload@2x.png in Resources */ = {isa = PBXBuildFile; fileRef = 266958CC1F7F4CA400382A86 /* reload@2x.png */; };
		266958FA1F7F4CA400382A86 /* uploadimageloading.gif in Resources */ = {isa = PBXBuildFile; fileRef = 266958CD1F7F4CA400382A86 /* uploadimageloading.gif */; };
		266958FB1F7F4CA400382A86 /* RichTextEditor.m in Sources */ = {isa = PBXBuildFile; fileRef = 266958D01F7F4CA400382A86 /* RichTextEditor.m */; };
		266958FC1F7F4CA400382A86 /* ZSSRichTextEditor.m in Sources */ = {isa = PBXBuildFile; fileRef = 266958D21F7F4CA400382A86 /* ZSSRichTextEditor.m */; };
		266958FD1F7F4CA400382A86 /* CYRLayoutManager.m in Sources */ = {isa = PBXBuildFile; fileRef = 266958D51F7F4CA400382A86 /* CYRLayoutManager.m */; };
		266958FE1F7F4CA400382A86 /* CYRTextStorage.m in Sources */ = {isa = PBXBuildFile; fileRef = 266958D71F7F4CA400382A86 /* CYRTextStorage.m */; };
		266958FF1F7F4CA400382A86 /* CYRTextView.m in Sources */ = {isa = PBXBuildFile; fileRef = 266958D91F7F4CA400382A86 /* CYRTextView.m */; };
		266959001F7F4CA400382A86 /* CYRToken.m in Sources */ = {isa = PBXBuildFile; fileRef = 266958DB1F7F4CA400382A86 /* CYRToken.m */; };
		266959011F7F4CA400382A86 /* HRBrightnessCursor.m in Sources */ = {isa = PBXBuildFile; fileRef = 266958DD1F7F4CA400382A86 /* HRBrightnessCursor.m */; };
		266959021F7F4CA400382A86 /* HRCgUtil.m in Sources */ = {isa = PBXBuildFile; fileRef = 266958DF1F7F4CA400382A86 /* HRCgUtil.m */; };
		266959031F7F4CA400382A86 /* HRColorCursor.m in Sources */ = {isa = PBXBuildFile; fileRef = 266958E11F7F4CA400382A86 /* HRColorCursor.m */; };
		266959041F7F4CA400382A86 /* HRColorPickerView.m in Sources */ = {isa = PBXBuildFile; fileRef = 266958E41F7F4CA400382A86 /* HRColorPickerView.m */; };
		266959051F7F4CA400382A86 /* HRColorPickerViewController.m in Sources */ = {isa = PBXBuildFile; fileRef = 266958E61F7F4CA400382A86 /* HRColorPickerViewController.m */; };
		266959061F7F4CA400382A86 /* HRColorUtil.m in Sources */ = {isa = PBXBuildFile; fileRef = 266958E81F7F4CA400382A86 /* HRColorUtil.m */; };
		266959091F7F4CA400382A86 /* ZSSBarButtonItem.m in Sources */ = {isa = PBXBuildFile; fileRef = 266958EF1F7F4CA400382A86 /* ZSSBarButtonItem.m */; };
		2669590A1F7F4CA400382A86 /* ZSSFontsViewController.m in Sources */ = {isa = PBXBuildFile; fileRef = 266958F11F7F4CA400382A86 /* ZSSFontsViewController.m */; };
		2669590B1F7F4CA400382A86 /* ZSSTextView.m in Sources */ = {isa = PBXBuildFile; fileRef = 266958F31F7F4CA400382A86 /* ZSSTextView.m */; };
		2669590D1F7F6C5800382A86 /* jsoc.js in Resources */ = {isa = PBXBuildFile; fileRef = 2669590C1F7F6C5800382A86 /* jsoc.js */; };
		2669590F1F7F877300382A86 /* README.md in Sources */ = {isa = PBXBuildFile; fileRef = 2669590E1F7F877300382A86 /* README.md */; };
/* End PBXBuildFile section */

/* Begin PBXContainerItemProxy section */
		266958A71F7F4B8800382A86 /* PBXContainerItemProxy */ = {
			isa = PBXContainerItemProxy;
			containerPortal = 266958851F7F4B8600382A86 /* Project object */;
			proxyType = 1;
			remoteGlobalIDString = 2669588C1F7F4B8600382A86;
			remoteInfo = RichTextProjectDemo;
		};
		266958B21F7F4B8800382A86 /* PBXContainerItemProxy */ = {
			isa = PBXContainerItemProxy;
			containerPortal = 266958851F7F4B8600382A86 /* Project object */;
			proxyType = 1;
			remoteGlobalIDString = 2669588C1F7F4B8600382A86;
			remoteInfo = RichTextProjectDemo;
		};
/* End PBXContainerItemProxy section */

/* Begin PBXFileReference section */
		265C2CF120283AE90073F244 /* AppDelegate.h */ = {isa = PBXFileReference; fileEncoding = 4; lastKnownFileType = sourcecode.c.h; path = AppDelegate.h; sourceTree = "<group>"; };
		265C2CF220283AE90073F244 /* ViewController.m */ = {isa = PBXFileReference; fileEncoding = 4; lastKnownFileType = sourcecode.c.objc; path = ViewController.m; sourceTree = "<group>"; };
		265C2CF320283AE90073F244 /* AppDelegate.m */ = {isa = PBXFileReference; fileEncoding = 4; lastKnownFileType = sourcecode.c.objc; path = AppDelegate.m; sourceTree = "<group>"; };
		265C2CF420283AE90073F244 /* ViewController.h */ = {isa = PBXFileReference; fileEncoding = 4; lastKnownFileType = sourcecode.c.h; path = ViewController.h; sourceTree = "<group>"; };
		265C2CF720283B070073F244 /* TableVC.h */ = {isa = PBXFileReference; lastKnownFileType = sourcecode.c.h; path = TableVC.h; sourceTree = "<group>"; };
		265C2CF820283B070073F244 /* TableVC.m */ = {isa = PBXFileReference; lastKnownFileType = sourcecode.c.objc; path = TableVC.m; sourceTree = "<group>"; };
		2669588D1F7F4B8600382A86 /* RichTextProjectDemo.app */ = {isa = PBXFileReference; explicitFileType = wrapper.application; includeInIndex = 0; path = RichTextProjectDemo.app; sourceTree = BUILT_PRODUCTS_DIR; };
		266958911F7F4B8600382A86 /* main.m */ = {isa = PBXFileReference; lastKnownFileType = sourcecode.c.objc; path = main.m; sourceTree = "<group>"; };
		2669589A1F7F4B8700382A86 /* Base */ = {isa = PBXFileReference; lastKnownFileType = file.storyboard; name = Base; path = Base.lproj/Main.storyboard; sourceTree = "<group>"; };
		2669589C1F7F4B8700382A86 /* Assets.xcassets */ = {isa = PBXFileReference; lastKnownFileType = folder.assetcatalog; path = Assets.xcassets; sourceTree = "<group>"; };
		2669589F1F7F4B8700382A86 /* Base */ = {isa = PBXFileReference; lastKnownFileType = file.storyboard; name = Base; path = Base.lproj/LaunchScreen.storyboard; sourceTree = "<group>"; };
		266958A11F7F4B8700382A86 /* Info.plist */ = {isa = PBXFileReference; lastKnownFileType = text.plist.xml; path = Info.plist; sourceTree = "<group>"; };
		266958A61F7F4B8800382A86 /* RichTextProjectDemoTests.xctest */ = {isa = PBXFileReference; explicitFileType = wrapper.cfbundle; includeInIndex = 0; path = RichTextProjectDemoTests.xctest; sourceTree = BUILT_PRODUCTS_DIR; };
		266958AA1F7F4B8800382A86 /* RichTextProjectDemoTests.m */ = {isa = PBXFileReference; lastKnownFileType = sourcecode.c.objc; path = RichTextProjectDemoTests.m; sourceTree = "<group>"; };
		266958AC1F7F4B8800382A86 /* Info.plist */ = {isa = PBXFileReference; lastKnownFileType = text.plist.xml; path = Info.plist; sourceTree = "<group>"; };
		266958B11F7F4B8800382A86 /* RichTextProjectDemoUITests.xctest */ = {isa = PBXFileReference; explicitFileType = wrapper.cfbundle; includeInIndex = 0; path = RichTextProjectDemoUITests.xctest; sourceTree = BUILT_PRODUCTS_DIR; };
		266958B51F7F4B8800382A86 /* RichTextProjectDemoUITests.m */ = {isa = PBXFileReference; lastKnownFileType = sourcecode.c.objc; path = RichTextProjectDemoUITests.m; sourceTree = "<group>"; };
		266958B71F7F4B8800382A86 /* Info.plist */ = {isa = PBXFileReference; lastKnownFileType = text.plist.xml; path = Info.plist; sourceTree = "<group>"; };
		266958C61F7F4CA400382A86 /* editor.html */ = {isa = PBXFileReference; fileEncoding = 4; lastKnownFileType = text.html; path = editor.html; sourceTree = "<group>"; };
		266958C71F7F4CA400382A86 /* jQuery.js */ = {isa = PBXFileReference; fileEncoding = 4; lastKnownFileType = sourcecode.javascript; path = jQuery.js; sourceTree = "<group>"; };
		266958C81F7F4CA400382A86 /* JSBeautifier.js */ = {isa = PBXFileReference; fileEncoding = 4; lastKnownFileType = sourcecode.javascript; path = JSBeautifier.js; sourceTree = "<group>"; };
		266958C91F7F4CA400382A86 /* ZSSRichTextEditor.js */ = {isa = PBXFileReference; fileEncoding = 4; lastKnownFileType = sourcecode.javascript; path = ZSSRichTextEditor.js; sourceTree = "<group>"; };
		266958CB1F7F4CA400382A86 /* delete@2x.png */ = {isa = PBXFileReference; lastKnownFileType = image.png; path = "delete@2x.png"; sourceTree = "<group>"; };
		266958CC1F7F4CA400382A86 /* reload@2x.png */ = {isa = PBXFileReference; lastKnownFileType = image.png; path = "reload@2x.png"; sourceTree = "<group>"; };
		266958CD1F7F4CA400382A86 /* uploadimageloading.gif */ = {isa = PBXFileReference; lastKnownFileType = image.gif; path = uploadimageloading.gif; sourceTree = "<group>"; };
		266958CF1F7F4CA400382A86 /* RichTextEditor.h */ = {isa = PBXFileReference; fileEncoding = 4; lastKnownFileType = sourcecode.c.h; path = RichTextEditor.h; sourceTree = "<group>"; };
		266958D01F7F4CA400382A86 /* RichTextEditor.m */ = {isa = PBXFileReference; fileEncoding = 4; lastKnownFileType = sourcecode.c.objc; path = RichTextEditor.m; sourceTree = "<group>"; };
		266958D11F7F4CA400382A86 /* ZSSRichTextEditor.h */ = {isa = PBXFileReference; fileEncoding = 4; lastKnownFileType = sourcecode.c.h; path = ZSSRichTextEditor.h; sourceTree = "<group>"; };
		266958D21F7F4CA400382A86 /* ZSSRichTextEditor.m */ = {isa = PBXFileReference; fileEncoding = 4; lastKnownFileType = sourcecode.c.objc; path = ZSSRichTextEditor.m; sourceTree = "<group>"; };
		266958D41F7F4CA400382A86 /* CYRLayoutManager.h */ = {isa = PBXFileReference; fileEncoding = 4; lastKnownFileType = sourcecode.c.h; path = CYRLayoutManager.h; sourceTree = "<group>"; };
		266958D51F7F4CA400382A86 /* CYRLayoutManager.m */ = {isa = PBXFileReference; fileEncoding = 4; lastKnownFileType = sourcecode.c.objc; path = CYRLayoutManager.m; sourceTree = "<group>"; };
		266958D61F7F4CA400382A86 /* CYRTextStorage.h */ = {isa = PBXFileReference; fileEncoding = 4; lastKnownFileType = sourcecode.c.h; path = CYRTextStorage.h; sourceTree = "<group>"; };
		266958D71F7F4CA400382A86 /* CYRTextStorage.m */ = {isa = PBXFileReference; fileEncoding = 4; lastKnownFileType = sourcecode.c.objc; path = CYRTextStorage.m; sourceTree = "<group>"; };
		266958D81F7F4CA400382A86 /* CYRTextView.h */ = {isa = PBXFileReference; fileEncoding = 4; lastKnownFileType = sourcecode.c.h; path = CYRTextView.h; sourceTree = "<group>"; };
		266958D91F7F4CA400382A86 /* CYRTextView.m */ = {isa = PBXFileReference; fileEncoding = 4; lastKnownFileType = sourcecode.c.objc; path = CYRTextView.m; sourceTree = "<group>"; };
		266958DA1F7F4CA400382A86 /* CYRToken.h */ = {isa = PBXFileReference; fileEncoding = 4; lastKnownFileType = sourcecode.c.h; path = CYRToken.h; sourceTree = "<group>"; };
		266958DB1F7F4CA400382A86 /* CYRToken.m */ = {isa = PBXFileReference; fileEncoding = 4; lastKnownFileType = sourcecode.c.objc; path = CYRToken.m; sourceTree = "<group>"; };
		266958DC1F7F4CA400382A86 /* HRBrightnessCursor.h */ = {isa = PBXFileReference; fileEncoding = 4; lastKnownFileType = sourcecode.c.h; path = HRBrightnessCursor.h; sourceTree = "<group>"; };
		266958DD1F7F4CA400382A86 /* HRBrightnessCursor.m */ = {isa = PBXFileReference; fileEncoding = 4; lastKnownFileType = sourcecode.c.objc; path = HRBrightnessCursor.m; sourceTree = "<group>"; };
		266958DE1F7F4CA400382A86 /* HRCgUtil.h */ = {isa = PBXFileReference; fileEncoding = 4; lastKnownFileType = sourcecode.c.h; path = HRCgUtil.h; sourceTree = "<group>"; };
		266958DF1F7F4CA400382A86 /* HRCgUtil.m */ = {isa = PBXFileReference; fileEncoding = 4; lastKnownFileType = sourcecode.c.objc; path = HRCgUtil.m; sourceTree = "<group>"; };
		266958E01F7F4CA400382A86 /* HRColorCursor.h */ = {isa = PBXFileReference; fileEncoding = 4; lastKnownFileType = sourcecode.c.h; path = HRColorCursor.h; sourceTree = "<group>"; };
		266958E11F7F4CA400382A86 /* HRColorCursor.m */ = {isa = PBXFileReference; fileEncoding = 4; lastKnownFileType = sourcecode.c.objc; path = HRColorCursor.m; sourceTree = "<group>"; };
		266958E21F7F4CA400382A86 /* HRColorPickerMacros.h */ = {isa = PBXFileReference; fileEncoding = 4; lastKnownFileType = sourcecode.c.h; path = HRColorPickerMacros.h; sourceTree = "<group>"; };
		266958E31F7F4CA400382A86 /* HRColorPickerView.h */ = {isa = PBXFileReference; fileEncoding = 4; lastKnownFileType = sourcecode.c.h; path = HRColorPickerView.h; sourceTree = "<group>"; };
		266958E41F7F4CA400382A86 /* HRColorPickerView.m */ = {isa = PBXFileReference; fileEncoding = 4; lastKnownFileType = sourcecode.c.objc; path = HRColorPickerView.m; sourceTree = "<group>"; };
		266958E51F7F4CA400382A86 /* HRColorPickerViewController.h */ = {isa = PBXFileReference; fileEncoding = 4; lastKnownFileType = sourcecode.c.h; path = HRColorPickerViewController.h; sourceTree = "<group>"; };
		266958E61F7F4CA400382A86 /* HRColorPickerViewController.m */ = {isa = PBXFileReference; fileEncoding = 4; lastKnownFileType = sourcecode.c.objc; path = HRColorPickerViewController.m; sourceTree = "<group>"; };
		266958E71F7F4CA400382A86 /* HRColorUtil.h */ = {isa = PBXFileReference; fileEncoding = 4; lastKnownFileType = sourcecode.c.h; path = HRColorUtil.h; sourceTree = "<group>"; };
		266958E81F7F4CA400382A86 /* HRColorUtil.m */ = {isa = PBXFileReference; fileEncoding = 4; lastKnownFileType = sourcecode.c.objc; path = HRColorUtil.m; sourceTree = "<group>"; };
		266958EE1F7F4CA400382A86 /* ZSSBarButtonItem.h */ = {isa = PBXFileReference; fileEncoding = 4; lastKnownFileType = sourcecode.c.h; path = ZSSBarButtonItem.h; sourceTree = "<group>"; };
		266958EF1F7F4CA400382A86 /* ZSSBarButtonItem.m */ = {isa = PBXFileReference; fileEncoding = 4; lastKnownFileType = sourcecode.c.objc; path = ZSSBarButtonItem.m; sourceTree = "<group>"; };
		266958F01F7F4CA400382A86 /* ZSSFontsViewController.h */ = {isa = PBXFileReference; fileEncoding = 4; lastKnownFileType = sourcecode.c.h; path = ZSSFontsViewController.h; sourceTree = "<group>"; };
		266958F11F7F4CA400382A86 /* ZSSFontsViewController.m */ = {isa = PBXFileReference; fileEncoding = 4; lastKnownFileType = sourcecode.c.objc; path = ZSSFontsViewController.m; sourceTree = "<group>"; };
		266958F21F7F4CA400382A86 /* ZSSTextView.h */ = {isa = PBXFileReference; fileEncoding = 4; lastKnownFileType = sourcecode.c.h; path = ZSSTextView.h; sourceTree = "<group>"; };
		266958F31F7F4CA400382A86 /* ZSSTextView.m */ = {isa = PBXFileReference; fileEncoding = 4; lastKnownFileType = sourcecode.c.objc; path = ZSSTextView.m; sourceTree = "<group>"; };
		2669590C1F7F6C5800382A86 /* jsoc.js */ = {isa = PBXFileReference; fileEncoding = 4; lastKnownFileType = sourcecode.javascript; path = jsoc.js; sourceTree = "<group>"; };
		2669590E1F7F877300382A86 /* README.md */ = {isa = PBXFileReference; fileEncoding = 4; lastKnownFileType = net.daringfireball.markdown; path = README.md; sourceTree = "<group>"; };
/* End PBXFileReference section */

/* Begin PBXFrameworksBuildPhase section */
		2669588A1F7F4B8600382A86 /* Frameworks */ = {
			isa = PBXFrameworksBuildPhase;
			buildActionMask = 2147483647;
			files = (
			);
			runOnlyForDeploymentPostprocessing = 0;
		};
		266958A31F7F4B8800382A86 /* Frameworks */ = {
			isa = PBXFrameworksBuildPhase;
			buildActionMask = 2147483647;
			files = (
			);
			runOnlyForDeploymentPostprocessing = 0;
		};
		266958AE1F7F4B8800382A86 /* Frameworks */ = {
			isa = PBXFrameworksBuildPhase;
			buildActionMask = 2147483647;
			files = (
			);
			runOnlyForDeploymentPostprocessing = 0;
		};
/* End PBXFrameworksBuildPhase section */

/* Begin PBXGroup section */
		265C2CF020283AE90073F244 /* Main */ = {
			isa = PBXGroup;
			children = (
				265C2CF120283AE90073F244 /* AppDelegate.h */,
				265C2CF220283AE90073F244 /* ViewController.m */,
				265C2CF320283AE90073F244 /* AppDelegate.m */,
				265C2CF420283AE90073F244 /* ViewController.h */,
				265C2CF720283B070073F244 /* TableVC.h */,
				265C2CF820283B070073F244 /* TableVC.m */,
			);
			path = Main;
			sourceTree = "<group>";
		};
		266958841F7F4B8600382A86 = {
			isa = PBXGroup;
			children = (
				2669588F1F7F4B8600382A86 /* RichTextProjectDemo */,
				266958A91F7F4B8800382A86 /* RichTextProjectDemoTests */,
				266958B41F7F4B8800382A86 /* RichTextProjectDemoUITests */,
				2669588E1F7F4B8600382A86 /* Products */,
			);
			sourceTree = "<group>";
		};
		2669588E1F7F4B8600382A86 /* Products */ = {
			isa = PBXGroup;
			children = (
				2669588D1F7F4B8600382A86 /* RichTextProjectDemo.app */,
				266958A61F7F4B8800382A86 /* RichTextProjectDemoTests.xctest */,
				266958B11F7F4B8800382A86 /* RichTextProjectDemoUITests.xctest */,
			);
			name = Products;
			sourceTree = "<group>";
		};
		2669588F1F7F4B8600382A86 /* RichTextProjectDemo */ = {
			isa = PBXGroup;
			children = (
				265C2CF020283AE90073F244 /* Main */,
				266958C31F7F4CA400382A86 /* JSRichText */,
				266958991F7F4B8700382A86 /* Main.storyboard */,
				2669589C1F7F4B8700382A86 /* Assets.xcassets */,
				2669589E1F7F4B8700382A86 /* LaunchScreen.storyboard */,
				266958A11F7F4B8700382A86 /* Info.plist */,
				2669590E1F7F877300382A86 /* README.md */,
				266958901F7F4B8600382A86 /* Supporting Files */,
			);
			path = RichTextProjectDemo;
			sourceTree = "<group>";
		};
		266958901F7F4B8600382A86 /* Supporting Files */ = {
			isa = PBXGroup;
			children = (
				266958911F7F4B8600382A86 /* main.m */,
			);
			name = "Supporting Files";
			sourceTree = "<group>";
		};
		266958A91F7F4B8800382A86 /* RichTextProjectDemoTests */ = {
			isa = PBXGroup;
			children = (
				266958AA1F7F4B8800382A86 /* RichTextProjectDemoTests.m */,
				266958AC1F7F4B8800382A86 /* Info.plist */,
			);
			path = RichTextProjectDemoTests;
			sourceTree = "<group>";
		};
		266958B41F7F4B8800382A86 /* RichTextProjectDemoUITests */ = {
			isa = PBXGroup;
			children = (
				266958B51F7F4B8800382A86 /* RichTextProjectDemoUITests.m */,
				266958B71F7F4B8800382A86 /* Info.plist */,
			);
			path = RichTextProjectDemoUITests;
			sourceTree = "<group>";
		};
		266958C31F7F4CA400382A86 /* JSRichText */ = {
			isa = PBXGroup;
			children = (
				266958C41F7F4CA400382A86 /* ZSSRichTextEditor */,
			);
			path = JSRichText;
			sourceTree = "<group>";
		};
		266958C41F7F4CA400382A86 /* ZSSRichTextEditor */ = {
			isa = PBXGroup;
			children = (
				266958C51F7F4CA400382A86 /* EditorResource */,
				266958CA1F7F4CA400382A86 /* image */,
				266958CE1F7F4CA400382A86 /* NativeBridge */,
				266958D31F7F4CA400382A86 /* ThirdParty */,
				266958E91F7F4CA400382A86 /* View */,
			);
			path = ZSSRichTextEditor;
			sourceTree = "<group>";
		};
		266958C51F7F4CA400382A86 /* EditorResource */ = {
			isa = PBXGroup;
			children = (
				2669590C1F7F6C5800382A86 /* jsoc.js */,
				266958C61F7F4CA400382A86 /* editor.html */,
				266958C71F7F4CA400382A86 /* jQuery.js */,
				266958C81F7F4CA400382A86 /* JSBeautifier.js */,
				266958C91F7F4CA400382A86 /* ZSSRichTextEditor.js */,
			);
			path = EditorResource;
			sourceTree = "<group>";
		};
		266958CA1F7F4CA400382A86 /* image */ = {
			isa = PBXGroup;
			children = (
				266958CB1F7F4CA400382A86 /* delete@2x.png */,
				266958CC1F7F4CA400382A86 /* reload@2x.png */,
				266958CD1F7F4CA400382A86 /* uploadimageloading.gif */,
			);
			path = image;
			sourceTree = "<group>";
		};
		266958CE1F7F4CA400382A86 /* NativeBridge */ = {
			isa = PBXGroup;
			children = (
				266958CF1F7F4CA400382A86 /* RichTextEditor.h */,
				266958D01F7F4CA400382A86 /* RichTextEditor.m */,
				266958D11F7F4CA400382A86 /* ZSSRichTextEditor.h */,
				266958D21F7F4CA400382A86 /* ZSSRichTextEditor.m */,
			);
			path = NativeBridge;
			sourceTree = "<group>";
		};
		266958D31F7F4CA400382A86 /* ThirdParty */ = {
			isa = PBXGroup;
			children = (
				266958D41F7F4CA400382A86 /* CYRLayoutManager.h */,
				266958D51F7F4CA400382A86 /* CYRLayoutManager.m */,
				266958D61F7F4CA400382A86 /* CYRTextStorage.h */,
				266958D71F7F4CA400382A86 /* CYRTextStorage.m */,
				266958D81F7F4CA400382A86 /* CYRTextView.h */,
				266958D91F7F4CA400382A86 /* CYRTextView.m */,
				266958DA1F7F4CA400382A86 /* CYRToken.h */,
				266958DB1F7F4CA400382A86 /* CYRToken.m */,
				266958DC1F7F4CA400382A86 /* HRBrightnessCursor.h */,
				266958DD1F7F4CA400382A86 /* HRBrightnessCursor.m */,
				266958DE1F7F4CA400382A86 /* HRCgUtil.h */,
				266958DF1F7F4CA400382A86 /* HRCgUtil.m */,
				266958E01F7F4CA400382A86 /* HRColorCursor.h */,
				266958E11F7F4CA400382A86 /* HRColorCursor.m */,
				266958E21F7F4CA400382A86 /* HRColorPickerMacros.h */,
				266958E31F7F4CA400382A86 /* HRColorPickerView.h */,
				266958E41F7F4CA400382A86 /* HRColorPickerView.m */,
				266958E51F7F4CA400382A86 /* HRColorPickerViewController.h */,
				266958E61F7F4CA400382A86 /* HRColorPickerViewController.m */,
				266958E71F7F4CA400382A86 /* HRColorUtil.h */,
				266958E81F7F4CA400382A86 /* HRColorUtil.m */,
			);
			path = ThirdParty;
			sourceTree = "<group>";
		};
		266958E91F7F4CA400382A86 /* View */ = {
			isa = PBXGroup;
			children = (
				266958EE1F7F4CA400382A86 /* ZSSBarButtonItem.h */,
				266958EF1F7F4CA400382A86 /* ZSSBarButtonItem.m */,
				266958F01F7F4CA400382A86 /* ZSSFontsViewController.h */,
				266958F11F7F4CA400382A86 /* ZSSFontsViewController.m */,
				266958F21F7F4CA400382A86 /* ZSSTextView.h */,
				266958F31F7F4CA400382A86 /* ZSSTextView.m */,
			);
			path = View;
			sourceTree = "<group>";
		};
/* End PBXGroup section */

/* Begin PBXNativeTarget section */
		2669588C1F7F4B8600382A86 /* RichTextProjectDemo */ = {
			isa = PBXNativeTarget;
			buildConfigurationList = 266958BA1F7F4B8800382A86 /* Build configuration list for PBXNativeTarget "RichTextProjectDemo" */;
			buildPhases = (
				266958891F7F4B8600382A86 /* Sources */,
				2669588A1F7F4B8600382A86 /* Frameworks */,
				2669588B1F7F4B8600382A86 /* Resources */,
			);
			buildRules = (
			);
			dependencies = (
			);
			name = RichTextProjectDemo;
			productName = RichTextProjectDemo;
			productReference = 2669588D1F7F4B8600382A86 /* RichTextProjectDemo.app */;
			productType = "com.apple.product-type.application";
		};
		266958A51F7F4B8800382A86 /* RichTextProjectDemoTests */ = {
			isa = PBXNativeTarget;
			buildConfigurationList = 266958BD1F7F4B8800382A86 /* Build configuration list for PBXNativeTarget "RichTextProjectDemoTests" */;
			buildPhases = (
				266958A21F7F4B8800382A86 /* Sources */,
				266958A31F7F4B8800382A86 /* Frameworks */,
				266958A41F7F4B8800382A86 /* Resources */,
			);
			buildRules = (
			);
			dependencies = (
				266958A81F7F4B8800382A86 /* PBXTargetDependency */,
			);
			name = RichTextProjectDemoTests;
			productName = RichTextProjectDemoTests;
			productReference = 266958A61F7F4B8800382A86 /* RichTextProjectDemoTests.xctest */;
			productType = "com.apple.product-type.bundle.unit-test";
		};
		266958B01F7F4B8800382A86 /* RichTextProjectDemoUITests */ = {
			isa = PBXNativeTarget;
			buildConfigurationList = 266958C01F7F4B8800382A86 /* Build configuration list for PBXNativeTarget "RichTextProjectDemoUITests" */;
			buildPhases = (
				266958AD1F7F4B8800382A86 /* Sources */,
				266958AE1F7F4B8800382A86 /* Frameworks */,
				266958AF1F7F4B8800382A86 /* Resources */,
			);
			buildRules = (
			);
			dependencies = (
				266958B31F7F4B8800382A86 /* PBXTargetDependency */,
			);
			name = RichTextProjectDemoUITests;
			productName = RichTextProjectDemoUITests;
			productReference = 266958B11F7F4B8800382A86 /* RichTextProjectDemoUITests.xctest */;
			productType = "com.apple.product-type.bundle.ui-testing";
		};
/* End PBXNativeTarget section */

/* Begin PBXProject section */
		266958851F7F4B8600382A86 /* Project object */ = {
			isa = PBXProject;
			attributes = {
				LastUpgradeCheck = 0830;
				ORGANIZATIONNAME = hainbwyh;
				TargetAttributes = {
					2669588C1F7F4B8600382A86 = {
						CreatedOnToolsVersion = 8.3.3;
						DevelopmentTeam = JA7UMD99EC;
						ProvisioningStyle = Automatic;
					};
					266958A51F7F4B8800382A86 = {
						CreatedOnToolsVersion = 8.3.3;
						ProvisioningStyle = Automatic;
						TestTargetID = 2669588C1F7F4B8600382A86;
					};
					266958B01F7F4B8800382A86 = {
						CreatedOnToolsVersion = 8.3.3;
						ProvisioningStyle = Automatic;
						TestTargetID = 2669588C1F7F4B8600382A86;
					};
				};
			};
			buildConfigurationList = 266958881F7F4B8600382A86 /* Build configuration list for PBXProject "RichTextProjectDemo" */;
			compatibilityVersion = "Xcode 3.2";
			developmentRegion = English;
			hasScannedForEncodings = 0;
			knownRegions = (
				en,
				Base,
			);
			mainGroup = 266958841F7F4B8600382A86;
			productRefGroup = 2669588E1F7F4B8600382A86 /* Products */;
			projectDirPath = "";
			projectRoot = "";
			targets = (
				2669588C1F7F4B8600382A86 /* RichTextProjectDemo */,
				266958A51F7F4B8800382A86 /* RichTextProjectDemoTests */,
				266958B01F7F4B8800382A86 /* RichTextProjectDemoUITests */,
			);
		};
/* End PBXProject section */

/* Begin PBXResourcesBuildPhase section */
		2669588B1F7F4B8600382A86 /* Resources */ = {
			isa = PBXResourcesBuildPhase;
			buildActionMask = 2147483647;
			files = (
				266958A01F7F4B8700382A86 /* LaunchScreen.storyboard in Resources */,
				266958F71F7F4CA400382A86 /* ZSSRichTextEditor.js in Resources */,
				266958FA1F7F4CA400382A86 /* uploadimageloading.gif in Resources */,
				266958F61F7F4CA400382A86 /* JSBeautifier.js in Resources */,
				266958F51F7F4CA400382A86 /* jQuery.js in Resources */,
				266958F41F7F4CA400382A86 /* editor.html in Resources */,
				266958F81F7F4CA400382A86 /* delete@2x.png in Resources */,
				2669590D1F7F6C5800382A86 /* jsoc.js in Resources */,
				2669589D1F7F4B8700382A86 /* Assets.xcassets in Resources */,
				2669589B1F7F4B8700382A86 /* Main.storyboard in Resources */,
				266958F91F7F4CA400382A86 /* reload@2x.png in Resources */,
			);
			runOnlyForDeploymentPostprocessing = 0;
		};
		266958A41F7F4B8800382A86 /* Resources */ = {
			isa = PBXResourcesBuildPhase;
			buildActionMask = 2147483647;
			files = (
			);
			runOnlyForDeploymentPostprocessing = 0;
		};
		266958AF1F7F4B8800382A86 /* Resources */ = {
			isa = PBXResourcesBuildPhase;
			buildActionMask = 2147483647;
			files = (
			);
			runOnlyForDeploymentPostprocessing = 0;
		};
/* End PBXResourcesBuildPhase section */

/* Begin PBXSourcesBuildPhase section */
		266958891F7F4B8600382A86 /* Sources */ = {
			isa = PBXSourcesBuildPhase;
			buildActionMask = 2147483647;
			files = (
				265C2CF620283AE90073F244 /* AppDelegate.m in Sources */,
				265C2CF520283AE90073F244 /* ViewController.m in Sources */,
				266959011F7F4CA400382A86 /* HRBrightnessCursor.m in Sources */,
				266959041F7F4CA400382A86 /* HRColorPickerView.m in Sources */,
				266958FD1F7F4CA400382A86 /* CYRLayoutManager.m in Sources */,
				265C2CF920283B070073F244 /* TableVC.m in Sources */,
				266958FE1F7F4CA400382A86 /* CYRTextStorage.m in Sources */,
				266959021F7F4CA400382A86 /* HRCgUtil.m in Sources */,
				266959091F7F4CA400382A86 /* ZSSBarButtonItem.m in Sources */,
				266959031F7F4CA400382A86 /* HRColorCursor.m in Sources */,
				266958FB1F7F4CA400382A86 /* RichTextEditor.m in Sources */,
				266959061F7F4CA400382A86 /* HRColorUtil.m in Sources */,
				2669590B1F7F4CA400382A86 /* ZSSTextView.m in Sources */,
				266958921F7F4B8600382A86 /* main.m in Sources */,
				2669590F1F7F877300382A86 /* README.md in Sources */,
				266959051F7F4CA400382A86 /* HRColorPickerViewController.m in Sources */,
				266959001F7F4CA400382A86 /* CYRToken.m in Sources */,
				266958FF1F7F4CA400382A86 /* CYRTextView.m in Sources */,
				266958FC1F7F4CA400382A86 /* ZSSRichTextEditor.m in Sources */,
				2669590A1F7F4CA400382A86 /* ZSSFontsViewController.m in Sources */,
			);
			runOnlyForDeploymentPostprocessing = 0;
		};
		266958A21F7F4B8800382A86 /* Sources */ = {
			isa = PBXSourcesBuildPhase;
			buildActionMask = 2147483647;
			files = (
				266958AB1F7F4B8800382A86 /* RichTextProjectDemoTests.m in Sources */,
			);
			runOnlyForDeploymentPostprocessing = 0;
		};
		266958AD1F7F4B8800382A86 /* Sources */ = {
			isa = PBXSourcesBuildPhase;
			buildActionMask = 2147483647;
			files = (
				266958B61F7F4B8800382A86 /* RichTextProjectDemoUITests.m in Sources */,
			);
			runOnlyForDeploymentPostprocessing = 0;
		};
/* End PBXSourcesBuildPhase section */

/* Begin PBXTargetDependency section */
		266958A81F7F4B8800382A86 /* PBXTargetDependency */ = {
			isa = PBXTargetDependency;
			target = 2669588C1F7F4B8600382A86 /* RichTextProjectDemo */;
			targetProxy = 266958A71F7F4B8800382A86 /* PBXContainerItemProxy */;
		};
		266958B31F7F4B8800382A86 /* PBXTargetDependency */ = {
			isa = PBXTargetDependency;
			target = 2669588C1F7F4B8600382A86 /* RichTextProjectDemo */;
			targetProxy = 266958B21F7F4B8800382A86 /* PBXContainerItemProxy */;
		};
/* End PBXTargetDependency section */

/* Begin PBXVariantGroup section */
		266958991F7F4B8700382A86 /* Main.storyboard */ = {
			isa = PBXVariantGroup;
			children = (
				2669589A1F7F4B8700382A86 /* Base */,
			);
			name = Main.storyboard;
			sourceTree = "<group>";
		};
		2669589E1F7F4B8700382A86 /* LaunchScreen.storyboard */ = {
			isa = PBXVariantGroup;
			children = (
				2669589F1F7F4B8700382A86 /* Base */,
			);
			name = LaunchScreen.storyboard;
			sourceTree = "<group>";
		};
/* End PBXVariantGroup section */

/* Begin XCBuildConfiguration section */
		266958B81F7F4B8800382A86 /* Debug */ = {
			isa = XCBuildConfiguration;
			buildSettings = {
				ALWAYS_SEARCH_USER_PATHS = NO;
				CLANG_ANALYZER_NONNULL = YES;
				CLANG_ANALYZER_NUMBER_OBJECT_CONVERSION = YES_AGGRESSIVE;
				CLANG_CXX_LANGUAGE_STANDARD = "gnu++0x";
				CLANG_CXX_LIBRARY = "libc++";
				CLANG_ENABLE_MODULES = YES;
				CLANG_ENABLE_OBJC_ARC = YES;
				CLANG_WARN_BOOL_CONVERSION = YES;
				CLANG_WARN_CONSTANT_CONVERSION = YES;
				CLANG_WARN_DIRECT_OBJC_ISA_USAGE = YES_ERROR;
				CLANG_WARN_DOCUMENTATION_COMMENTS = YES;
				CLANG_WARN_EMPTY_BODY = YES;
				CLANG_WARN_ENUM_CONVERSION = YES;
				CLANG_WARN_INFINITE_RECURSION = YES;
				CLANG_WARN_INT_CONVERSION = YES;
				CLANG_WARN_OBJC_ROOT_CLASS = YES_ERROR;
				CLANG_WARN_SUSPICIOUS_MOVE = YES;
				CLANG_WARN_UNREACHABLE_CODE = YES;
				CLANG_WARN__DUPLICATE_METHOD_MATCH = YES;
				"CODE_SIGN_IDENTITY[sdk=iphoneos*]" = "iPhone Developer";
				COPY_PHASE_STRIP = NO;
				DEBUG_INFORMATION_FORMAT = dwarf;
				ENABLE_STRICT_OBJC_MSGSEND = YES;
				ENABLE_TESTABILITY = YES;
				GCC_C_LANGUAGE_STANDARD = gnu99;
				GCC_DYNAMIC_NO_PIC = NO;
				GCC_NO_COMMON_BLOCKS = YES;
				GCC_OPTIMIZATION_LEVEL = 0;
				GCC_PREPROCESSOR_DEFINITIONS = (
					"DEBUG=1",
					"$(inherited)",
				);
				GCC_WARN_64_TO_32_BIT_CONVERSION = YES;
				GCC_WARN_ABOUT_RETURN_TYPE = YES_ERROR;
				GCC_WARN_UNDECLARED_SELECTOR = YES;
				GCC_WARN_UNINITIALIZED_AUTOS = YES_AGGRESSIVE;
				GCC_WARN_UNUSED_FUNCTION = YES;
				GCC_WARN_UNUSED_VARIABLE = YES;
				IPHONEOS_DEPLOYMENT_TARGET = 10.3;
				MTL_ENABLE_DEBUG_INFO = YES;
				ONLY_ACTIVE_ARCH = YES;
				SDKROOT = iphoneos;
			};
			name = Debug;
		};
		266958B91F7F4B8800382A86 /* Release */ = {
			isa = XCBuildConfiguration;
			buildSettings = {
				ALWAYS_SEARCH_USER_PATHS = NO;
				CLANG_ANALYZER_NONNULL = YES;
				CLANG_ANALYZER_NUMBER_OBJECT_CONVERSION = YES_AGGRESSIVE;
				CLANG_CXX_LANGUAGE_STANDARD = "gnu++0x";
				CLANG_CXX_LIBRARY = "libc++";
				CLANG_ENABLE_MODULES = YES;
				CLANG_ENABLE_OBJC_ARC = YES;
				CLANG_WARN_BOOL_CONVERSION = YES;
				CLANG_WARN_CONSTANT_CONVERSION = YES;
				CLANG_WARN_DIRECT_OBJC_ISA_USAGE = YES_ERROR;
				CLANG_WARN_DOCUMENTATION_COMMENTS = YES;
				CLANG_WARN_EMPTY_BODY = YES;
				CLANG_WARN_ENUM_CONVERSION = YES;
				CLANG_WARN_INFINITE_RECURSION = YES;
				CLANG_WARN_INT_CONVERSION = YES;
				CLANG_WARN_OBJC_ROOT_CLASS = YES_ERROR;
				CLANG_WARN_SUSPICIOUS_MOVE = YES;
				CLANG_WARN_UNREACHABLE_CODE = YES;
				CLANG_WARN__DUPLICATE_METHOD_MATCH = YES;
				"CODE_SIGN_IDENTITY[sdk=iphoneos*]" = "iPhone Developer";
				COPY_PHASE_STRIP = NO;
				DEBUG_INFORMATION_FORMAT = "dwarf-with-dsym";
				ENABLE_NS_ASSERTIONS = NO;
				ENABLE_STRICT_OBJC_MSGSEND = YES;
				GCC_C_LANGUAGE_STANDARD = gnu99;
				GCC_NO_COMMON_BLOCKS = YES;
				GCC_WARN_64_TO_32_BIT_CONVERSION = YES;
				GCC_WARN_ABOUT_RETURN_TYPE = YES_ERROR;
				GCC_WARN_UNDECLARED_SELECTOR = YES;
				GCC_WARN_UNINITIALIZED_AUTOS = YES_AGGRESSIVE;
				GCC_WARN_UNUSED_FUNCTION = YES;
				GCC_WARN_UNUSED_VARIABLE = YES;
				IPHONEOS_DEPLOYMENT_TARGET = 10.3;
				MTL_ENABLE_DEBUG_INFO = NO;
				SDKROOT = iphoneos;
				VALIDATE_PRODUCT = YES;
			};
			name = Release;
		};
		266958BB1F7F4B8800382A86 /* Debug */ = {
			isa = XCBuildConfiguration;
			buildSettings = {
				ASSETCATALOG_COMPILER_APPICON_NAME = AppIcon;
				DEVELOPMENT_TEAM = JA7UMD99EC;
				INFOPLIST_FILE = RichTextProjectDemo/Info.plist;
				LD_RUNPATH_SEARCH_PATHS = "$(inherited) @executable_path/Frameworks";
				PRODUCT_BUNDLE_IDENTIFIER = com.hainbwyh.RichTextProjectDemo;
				PRODUCT_NAME = "$(TARGET_NAME)";
			};
			name = Debug;
		};
		266958BC1F7F4B8800382A86 /* Release */ = {
			isa = XCBuildConfiguration;
			buildSettings = {
				ASSETCATALOG_COMPILER_APPICON_NAME = AppIcon;
				DEVELOPMENT_TEAM = JA7UMD99EC;
				INFOPLIST_FILE = RichTextProjectDemo/Info.plist;
				LD_RUNPATH_SEARCH_PATHS = "$(inherited) @executable_path/Frameworks";
				PRODUCT_BUNDLE_IDENTIFIER = com.hainbwyh.RichTextProjectDemo;
				PRODUCT_NAME = "$(TARGET_NAME)";
			};
			name = Release;
		};
		266958BE1F7F4B8800382A86 /* Debug */ = {
			isa = XCBuildConfiguration;
			buildSettings = {
				BUNDLE_LOADER = "$(TEST_HOST)";
				INFOPLIST_FILE = RichTextProjectDemoTests/Info.plist;
				LD_RUNPATH_SEARCH_PATHS = "$(inherited) @executable_path/Frameworks @loader_path/Frameworks";
				PRODUCT_BUNDLE_IDENTIFIER = com.hainbwyh.RichTextProjectDemoTests;
				PRODUCT_NAME = "$(TARGET_NAME)";
				TEST_HOST = "$(BUILT_PRODUCTS_DIR)/RichTextProjectDemo.app/RichTextProjectDemo";
			};
			name = Debug;
		};
		266958BF1F7F4B8800382A86 /* Release */ = {
			isa = XCBuildConfiguration;
			buildSettings = {
				BUNDLE_LOADER = "$(TEST_HOST)";
				INFOPLIST_FILE = RichTextProjectDemoTests/Info.plist;
				LD_RUNPATH_SEARCH_PATHS = "$(inherited) @executable_path/Frameworks @loader_path/Frameworks";
				PRODUCT_BUNDLE_IDENTIFIER = com.hainbwyh.RichTextProjectDemoTests;
				PRODUCT_NAME = "$(TARGET_NAME)";
				TEST_HOST = "$(BUILT_PRODUCTS_DIR)/RichTextProjectDemo.app/RichTextProjectDemo";
			};
			name = Release;
		};
		266958C11F7F4B8800382A86 /* Debug */ = {
			isa = XCBuildConfiguration;
			buildSettings = {
				INFOPLIST_FILE = RichTextProjectDemoUITests/Info.plist;
				LD_RUNPATH_SEARCH_PATHS = "$(inherited) @executable_path/Frameworks @loader_path/Frameworks";
				PRODUCT_BUNDLE_IDENTIFIER = com.hainbwyh.RichTextProjectDemoUITests;
				PRODUCT_NAME = "$(TARGET_NAME)";
				TEST_TARGET_NAME = RichTextProjectDemo;
			};
			name = Debug;
		};
		266958C21F7F4B8800382A86 /* Release */ = {
			isa = XCBuildConfiguration;
			buildSettings = {
				INFOPLIST_FILE = RichTextProjectDemoUITests/Info.plist;
				LD_RUNPATH_SEARCH_PATHS = "$(inherited) @executable_path/Frameworks @loader_path/Frameworks";
				PRODUCT_BUNDLE_IDENTIFIER = com.hainbwyh.RichTextProjectDemoUITests;
				PRODUCT_NAME = "$(TARGET_NAME)";
				TEST_TARGET_NAME = RichTextProjectDemo;
			};
			name = Release;
		};
/* End XCBuildConfiguration section */

/* Begin XCConfigurationList section */
		266958881F7F4B8600382A86 /* Build configuration list for PBXProject "RichTextProjectDemo" */ = {
			isa = XCConfigurationList;
			buildConfigurations = (
				266958B81F7F4B8800382A86 /* Debug */,
				266958B91F7F4B8800382A86 /* Release */,
			);
			defaultConfigurationIsVisible = 0;
			defaultConfigurationName = Release;
		};
		266958BA1F7F4B8800382A86 /* Build configuration list for PBXNativeTarget "RichTextProjectDemo" */ = {
			isa = XCConfigurationList;
			buildConfigurations = (
				266958BB1F7F4B8800382A86 /* Debug */,
				266958BC1F7F4B8800382A86 /* Release */,
			);
			defaultConfigurationIsVisible = 0;
			defaultConfigurationName = Release;
		};
		266958BD1F7F4B8800382A86 /* Build configuration list for PBXNativeTarget "RichTextProjectDemoTests" */ = {
			isa = XCConfigurationList;
			buildConfigurations = (
				266958BE1F7F4B8800382A86 /* Debug */,
				266958BF1F7F4B8800382A86 /* Release */,
			);
			defaultConfigurationIsVisible = 0;
			defaultConfigurationName = Release;
		};
		266958C01F7F4B8800382A86 /* Build configuration list for PBXNativeTarget "RichTextProjectDemoUITests" */ = {
			isa = XCConfigurationList;
			buildConfigurations = (
				266958C11F7F4B8800382A86 /* Debug */,
				266958C21F7F4B8800382A86 /* Release */,
			);
			defaultConfigurationIsVisible = 0;
			defaultConfigurationName = Release;
		};
/* End XCConfigurationList section */
	};
	rootObject = 266958851F7F4B8600382A86 /* Project object */;
}
